<?xml version="1.0" encoding="utf-8"?>
<Project ToolsVersion="4.0" xmlns="http://schemas.microsoft.com/developer/msbuild/2003">
  <ItemGroup>
    <Filter Include="소스 파일">
      <UniqueIdentifier>{4FC737F1-C7A5-4376-A066-2A32D752A2FF}</UniqueIdentifier>
      <Extensions>cpp;c;cc;cxx;def;odl;idl;hpj;bat;asm;asmx</Extensions>
    </Filter>
    <Filter Include="리소스 파일">
      <UniqueIdentifier>{67DA6AB6-F800-4c08-8B7A-83BB121AAD01}</UniqueIdentifier>
      <Extensions>rc;ico;cur;bmp;dlg;rc2;rct;bin;rgs;gif;jpg;jpeg;jpe;resx;tiff;tif;png;wav;mfcribbon-ms</Extensions>
    </Filter>
    <Filter Include="Math">
      <UniqueIdentifier>{fe7ae6ba-29d6-4a15-99e9-41816367b37e}</UniqueIdentifier>
    </Filter>
    <Filter Include="Math\Vector">
      <UniqueIdentifier>{48afae74-d7ca-4b84-84ee-9dac3a03b5cb}</UniqueIdentifier>
    </Filter>
    <Filter Include="Math\Vector\Vector2">
      <UniqueIdentifier>{ed1b8c9c-1fa1-4779-a73b-4e09c6eddb61}</UniqueIdentifier>
    </Filter>
    <Filter Include="Math\Vector\Vector3">
      <UniqueIdentifier>{2de1487d-4879-4760-ba31-ca72a4cc8a6a}</UniqueIdentifier>
    </Filter>
    <Filter Include="Math\Vector\Vector4">
      <UniqueIdentifier>{c1306f3f-cfe3-4f86-974b-eddedcd6eddc}</UniqueIdentifier>
    </Filter>
    <Filter Include="Math\Common">
      <UniqueIdentifier>{ce28d9b7-370f-416f-8c41-ef808495af82}</UniqueIdentifier>
    </Filter>
    <Filter Include="Math\Matrix">
      <UniqueIdentifier>{eecb864e-76a2-4cf6-a3e9-edc589f92d1e}</UniqueIdentifier>
    </Filter>
    <Filter Include="Math\Quaternion">
      <UniqueIdentifier>{4826ae2c-abb1-4549-850a-bd4a37635b69}</UniqueIdentifier>
    </Filter>
    <Filter Include="Utility">
      <UniqueIdentifier>{096791ff-57b0-49c1-aa2a-ae487719b0f3}</UniqueIdentifier>
    </Filter>
    <Filter Include="Math\Rect">
      <UniqueIdentifier>{5d592127-13a0-4f7a-bc90-943f2621e2bf}</UniqueIdentifier>
    </Filter>
    <Filter Include="Core">
      <UniqueIdentifier>{f279f9af-b8f1-4356-842d-3c4cf40b76a5}</UniqueIdentifier>
    </Filter>
    <Filter Include="Core\Scene">
      <UniqueIdentifier>{3621fa38-dc2a-4d53-b142-f718a8a1f90a}</UniqueIdentifier>
    </Filter>
    <Filter Include="Rendering">
      <UniqueIdentifier>{4cdce50f-2d2c-4998-ba7b-7efb7d319831}</UniqueIdentifier>
    </Filter>
    <Filter Include="Rendering\Color">
      <UniqueIdentifier>{a2084078-3547-4ad4-84aa-4e4842e2aa7c}</UniqueIdentifier>
    </Filter>
    <Filter Include="Core\Time">
      <UniqueIdentifier>{bb0794cc-3a9f-46c5-b423-8b917cd031fb}</UniqueIdentifier>
    </Filter>
    <Filter Include="Device">
      <UniqueIdentifier>{d9510b10-380d-427f-92cd-26632eae913b}</UniqueIdentifier>
    </Filter>
    <Filter Include="Device\Director">
      <UniqueIdentifier>{05e124f2-c444-4ea3-ac4e-d6984e6510e6}</UniqueIdentifier>
    </Filter>
    <Filter Include="Common">
      <UniqueIdentifier>{986f2004-69a4-4ef1-9a6b-8a2f38a4fe74}</UniqueIdentifier>
    </Filter>
    <Filter Include="Core\Component">
      <UniqueIdentifier>{1ac893bb-c50b-44ad-944d-07fec3dec7b9}</UniqueIdentifier>
    </Filter>
    <Filter Include="Core\Object">
      <UniqueIdentifier>{362e2a82-bc0b-4848-b4ec-292f05145111}</UniqueIdentifier>
    </Filter>
    <Filter Include="Rendering\Light">
      <UniqueIdentifier>{550d467d-48df-4685-985c-4f3e97e9aa6b}</UniqueIdentifier>
    </Filter>
    <Filter Include="Rendering\Camera">
      <UniqueIdentifier>{aaf18540-79a9-4e7e-821e-ab6b66a4e275}</UniqueIdentifier>
    </Filter>
    <Filter Include="Rendering\Buffer">
      <UniqueIdentifier>{29500b90-3253-4173-b6cd-ebdb482f7911}</UniqueIdentifier>
    </Filter>
    <Filter Include="Rendering\Material">
      <UniqueIdentifier>{461185e9-e09e-4c7f-a471-f44b82505590}</UniqueIdentifier>
    </Filter>
    <Filter Include="Rendering\Mesh">
      <UniqueIdentifier>{1965c25e-0900-4307-8fd5-6e2d99f4a8e9}</UniqueIdentifier>
    </Filter>
    <Filter Include="Rendering\Shader">
      <UniqueIdentifier>{dd71d5db-b9ce-42d8-9985-8a7060b13054}</UniqueIdentifier>
    </Filter>
    <Filter Include="Rendering\Texture">
      <UniqueIdentifier>{227d4182-a43f-482c-ac9a-59e0c44b2e7e}</UniqueIdentifier>
    </Filter>
    <Filter Include="Core\Layer">
      <UniqueIdentifier>{ac22db50-378f-4e29-819c-7fed681683d4}</UniqueIdentifier>
    </Filter>
    <Filter Include="Core\Tag">
      <UniqueIdentifier>{669fb4ec-1399-48a0-b999-56a87c1203ed}</UniqueIdentifier>
    </Filter>
    <Filter Include="Structure">
      <UniqueIdentifier>{fd4efbd9-028c-454a-a7bb-f153d33aac85}</UniqueIdentifier>
    </Filter>
    <Filter Include="Math\Plane">
      <UniqueIdentifier>{6067178f-3376-433e-8c1e-540111037486}</UniqueIdentifier>
    </Filter>
    <Filter Include="Core\Transform">
      <UniqueIdentifier>{1aa6cca6-9c13-4a75-a3fc-f2b6a0f5d45f}</UniqueIdentifier>
    </Filter>
    <Filter Include="Intersection">
      <UniqueIdentifier>{26dd6fce-5323-4faf-b8cc-61a0eb862160}</UniqueIdentifier>
    </Filter>
    <Filter Include="Rendering\Buffer\Vertex">
      <UniqueIdentifier>{415061cc-d3b2-4f15-a281-daa28176f23f}</UniqueIdentifier>
    </Filter>
    <Filter Include="Rendering\Buffer\Index">
      <UniqueIdentifier>{2a09f098-c246-4c88-932f-e84066c8091e}</UniqueIdentifier>
    </Filter>
    <Filter Include="Rendering\Buffer\Base">
      <UniqueIdentifier>{278a0bce-cc59-4abc-bdad-a66da8812acf}</UniqueIdentifier>
    </Filter>
    <Filter Include="Rendering\Buffer\Const">
      <UniqueIdentifier>{5c662be9-b4ec-48ba-b4a5-07afec60f564}</UniqueIdentifier>
    </Filter>
    <Filter Include="Rendering\Sampler">
      <UniqueIdentifier>{6731c20f-0e30-44a7-9ab4-ad96d062b317}</UniqueIdentifier>
    </Filter>
    <Filter Include="Device\Win32">
      <UniqueIdentifier>{2b4269aa-4366-4980-bba3-1419c38200b0}</UniqueIdentifier>
    </Filter>
    <Filter Include="Device\DirectX">
      <UniqueIdentifier>{a2a293d6-1f83-48ac-90d6-0ad840993cf5}</UniqueIdentifier>
    </Filter>
    <Filter Include="Importer">
      <UniqueIdentifier>{7bea5a55-516d-4542-85d2-f139666b8712}</UniqueIdentifier>
    </Filter>
  </ItemGroup>
  <ItemGroup>
    <ClInclude Include="Win32.h">
      <Filter>Device\Win32</Filter>
    </ClInclude>
    <ClInclude Include="..\..\Common\Common.h">
      <Filter>Common</Filter>
    </ClInclude>
    <ClInclude Include="..\..\Core\Scene\Scene.h">
      <Filter>Core\Scene</Filter>
    </ClInclude>
    <ClInclude Include="..\..\Core\Component\Component.h">
      <Filter>Core\Component</Filter>
    </ClInclude>
    <ClInclude Include="..\..\Core\Object\Object.h">
      <Filter>Core\Object</Filter>
    </ClInclude>
    <ClInclude Include="..\..\Core\Tag\TagManager.h">
      <Filter>Core\Tag</Filter>
    </ClInclude>
    <ClInclude Include="..\..\Core\Layer\LayerManager.h">
      <Filter>Core\Layer</Filter>
    </ClInclude>
    <ClInclude Include="..\..\Core\Transform\Transform.h">
      <Filter>Core\Transform</Filter>
    </ClInclude>
    <ClInclude Include="..\..\Structure\Structure.h">
      <Filter>Structure</Filter>
    </ClInclude>
    <ClInclude Include="..\..\Rendering\Light\DirectionalLight.h">
      <Filter>Rendering\Light</Filter>
    </ClInclude>
    <ClInclude Include="..\..\Rendering\Light\Light.h">
      <Filter>Rendering\Light</Filter>
    </ClInclude>
    <ClInclude Include="..\..\Rendering\Light\LightForm.h">
      <Filter>Rendering\Light</Filter>
    </ClInclude>
    <ClInclude Include="..\..\Rendering\Light\LightManager.h">
      <Filter>Rendering\Light</Filter>
    </ClInclude>
    <ClInclude Include="..\..\Rendering\Light\LightParameters.h">
      <Filter>Rendering\Light</Filter>
    </ClInclude>
    <ClInclude Include="..\..\Rendering\Light\PointLight.h">
      <Filter>Rendering\Light</Filter>
    </ClInclude>
    <ClInclude Include="..\..\Rendering\Light\SpotLight.h">
      <Filter>Rendering\Light</Filter>
    </ClInclude>
    <ClInclude Include="..\..\Rendering\Camera\Frustum.h">
      <Filter>Rendering\Camera</Filter>
    </ClInclude>
    <ClInclude Include="..\..\Math\EngineMath.h">
      <Filter>Math</Filter>
    </ClInclude>
    <ClInclude Include="..\..\Math\MathCommon.h">
      <Filter>Math\Common</Filter>
    </ClInclude>
    <ClInclude Include="..\..\Math\Vector4.h">
      <Filter>Math\Vector\Vector4</Filter>
    </ClInclude>
    <ClInclude Include="..\..\Math\Vector2.h">
      <Filter>Math\Vector\Vector2</Filter>
    </ClInclude>
    <ClInclude Include="..\..\Math\Vector3.h">
      <Filter>Math\Vector\Vector3</Filter>
    </ClInclude>
    <ClInclude Include="..\..\Math\Matrix.h">
      <Filter>Math\Matrix</Filter>
    </ClInclude>
    <ClInclude Include="..\..\Math\Plane.h">
      <Filter>Math\Plane</Filter>
    </ClInclude>
    <ClInclude Include="..\..\Math\Quaternion.h">
      <Filter>Math\Quaternion</Filter>
    </ClInclude>
    <ClInclude Include="..\..\Math\Rect.h">
      <Filter>Math\Rect</Filter>
    </ClInclude>
    <ClInclude Include="..\..\Math\Size.h">
      <Filter>Math\Rect</Filter>
    </ClInclude>
    <ClInclude Include="..\..\Rendering\Color\Color.h">
      <Filter>Rendering\Color</Filter>
    </ClInclude>
    <ClInclude Include="..\..\Core\Time\Timer.h">
      <Filter>Core\Time</Filter>
    </ClInclude>
    <ClInclude Include="..\..\Rendering\Camera\Camera.h">
      <Filter>Rendering\Camera</Filter>
    </ClInclude>
    <ClInclude Include="..\..\Rendering\Camera\CameraManager.h">
      <Filter>Rendering\Camera</Filter>
    </ClInclude>
    <ClInclude Include="..\..\Structure\Singleton.h">
      <Filter>Structure</Filter>
    </ClInclude>
    <ClInclude Include="..\..\Structure\BaseStructure.h">
      <Filter>Structure</Filter>
    </ClInclude>
    <ClInclude Include="..\..\Structure\Vector.h">
      <Filter>Structure</Filter>
    </ClInclude>
    <ClInclude Include="..\..\Structure\Map.h">
      <Filter>Structure</Filter>
    </ClInclude>
    <ClInclude Include="..\..\Structure\HashMap.h">
      <Filter>Structure</Filter>
    </ClInclude>
    <ClInclude Include="..\..\Intersection\AABB.h">
      <Filter>Intersection</Filter>
    </ClInclude>
    <ClInclude Include="..\..\Intersection\Cone.h">
      <Filter>Intersection</Filter>
    </ClInclude>
    <ClInclude Include="..\..\Intersection\Intersection.h">
      <Filter>Intersection</Filter>
    </ClInclude>
    <ClInclude Include="..\..\Intersection\Ray.h">
      <Filter>Intersection</Filter>
    </ClInclude>
    <ClInclude Include="..\..\Intersection\Sphere.h">
      <Filter>Intersection</Filter>
    </ClInclude>
    <ClInclude Include="..\..\Rendering\Texture\RenderTexture.h">
      <Filter>Rendering\Texture</Filter>
    </ClInclude>
    <ClInclude Include="..\..\Rendering\Buffer\VertexBuffer.h">
      <Filter>Rendering\Buffer\Vertex</Filter>
    </ClInclude>
    <ClInclude Include="..\..\Rendering\Buffer\IndexBuffer.h">
      <Filter>Rendering\Buffer\Index</Filter>
    </ClInclude>
    <ClInclude Include="..\..\Rendering\Buffer\BaseBuffer.h">
      <Filter>Rendering\Buffer\Base</Filter>
    </ClInclude>
    <ClInclude Include="..\..\Rendering\Shader\ShaderManager.h">
      <Filter>Rendering\Shader</Filter>
    </ClInclude>
    <ClInclude Include="..\..\Rendering\Shader\VertexShader.h">
      <Filter>Rendering\Shader</Filter>
    </ClInclude>
    <ClInclude Include="..\..\Rendering\Shader\PixelShader.h">
      <Filter>Rendering\Shader</Filter>
    </ClInclude>
    <ClInclude Include="..\..\Rendering\Mesh\MeshFilter.h">
      <Filter>Rendering\Mesh</Filter>
    </ClInclude>
    <ClInclude Include="..\..\Rendering\Mesh\MeshRenderer.h">
      <Filter>Rendering\Mesh</Filter>
    </ClInclude>
    <ClInclude Include="..\..\Rendering\Mesh\Mesh.h">
      <Filter>Rendering\Mesh</Filter>
    </ClInclude>
    <ClInclude Include="..\..\Utility\Utility.h">
      <Filter>Utility</Filter>
    </ClInclude>
    <ClInclude Include="..\..\Rendering\Material\MaterialManager.h">
      <Filter>Rendering\Material</Filter>
    </ClInclude>
    <ClInclude Include="..\..\Rendering\Material\Material.h">
      <Filter>Rendering\Material</Filter>
    </ClInclude>
    <ClInclude Include="..\..\Rendering\Mesh\MeshBasicData.h">
      <Filter>Rendering\Mesh</Filter>
    </ClInclude>
    <ClInclude Include="..\..\Rendering\Buffer\ConstBuffer.h">
      <Filter>Rendering\Buffer\Const</Filter>
    </ClInclude>
    <ClInclude Include="..\..\Rendering\Texture\Texture.h">
      <Filter>Rendering\Texture</Filter>
    </ClInclude>
    <ClInclude Include="..\..\Rendering\Texture\TextureManager.h">
      <Filter>Rendering\Texture</Filter>
    </ClInclude>
    <ClInclude Include="..\..\Rendering\Sampler\Sampler.h">
      <Filter>Rendering\Sampler</Filter>
    </ClInclude>
    <ClInclude Include="..\..\Rendering\Buffer\ConstBufferManager.h">
      <Filter>Rendering\Buffer\Const</Filter>
    </ClInclude>
    <ClInclude Include="..\..\Rendering\Shader\BaseShader.h">
      <Filter>Rendering\Shader</Filter>
    </ClInclude>
    <ClInclude Include="..\..\Core\Transform\TransformPipelineParam.h">
      <Filter>Core\Transform</Filter>
    </ClInclude>
    <ClInclude Include="..\..\Utility\DirectoryManager.h">
      <Filter>Utility</Filter>
    </ClInclude>
    <ClInclude Include="..\Director\Director.h">
      <Filter>Device\Director</Filter>
    </ClInclude>
    <ClInclude Include="..\DirectX\DirectX.h">
      <Filter>Device\DirectX</Filter>
    </ClInclude>
    <ClInclude Include="TestScene.h">
      <Filter>소스 파일</Filter>
    </ClInclude>
    <ClInclude Include="..\..\Importer\ObjImporter.h">
      <Filter>Importer</Filter>
    </ClInclude>
  </ItemGroup>
  <ItemGroup>
    <ClCompile Include="Win32.cpp">
      <Filter>Device\Win32</Filter>
    </ClCompile>
    <ClCompile Include="..\..\Core\Scene\Scene.cpp">
      <Filter>Core\Scene</Filter>
    </ClCompile>
    <ClCompile Include="..\..\Core\Component\Component.cpp">
      <Filter>Core\Component</Filter>
    </ClCompile>
    <ClCompile Include="..\..\Core\Object\Object.cpp">
      <Filter>Core\Object</Filter>
    </ClCompile>
    <ClCompile Include="..\..\Core\Tag\TagManager.cpp">
      <Filter>Core\Tag</Filter>
    </ClCompile>
    <ClCompile Include="..\..\Core\Layer\LayerManager.cpp">
      <Filter>Core\Layer</Filter>
    </ClCompile>
    <ClCompile Include="..\..\Core\Transform\Transform.cpp">
      <Filter>Core\Transform</Filter>
    </ClCompile>
    <ClCompile Include="..\..\Rendering\Light\DirectionalLight.cpp">
      <Filter>Rendering\Light</Filter>
    </ClCompile>
    <ClCompile Include="..\..\Rendering\Light\LightForm.cpp">
      <Filter>Rendering\Light</Filter>
    </ClCompile>
    <ClCompile Include="..\..\Rendering\Light\LightManager.cpp">
      <Filter>Rendering\Light</Filter>
    </ClCompile>
    <ClCompile Include="..\..\Rendering\Light\LightParameters.cpp">
      <Filter>Rendering\Light</Filter>
    </ClCompile>
    <ClCompile Include="..\..\Rendering\Light\PointLight.cpp">
      <Filter>Rendering\Light</Filter>
    </ClCompile>
    <ClCompile Include="..\..\Rendering\Light\SpotLight.cpp">
      <Filter>Rendering\Light</Filter>
    </ClCompile>
    <ClCompile Include="..\..\Rendering\Camera\Frustum.cpp">
      <Filter>Rendering\Camera</Filter>
    </ClCompile>
    <ClCompile Include="..\..\Math\MathCommon.cpp">
      <Filter>Math\Common</Filter>
    </ClCompile>
    <ClCompile Include="..\..\Math\Vector4.cpp">
      <Filter>Math\Vector\Vector4</Filter>
    </ClCompile>
    <ClCompile Include="..\..\Math\Vector2.cpp">
      <Filter>Math\Vector\Vector2</Filter>
    </ClCompile>
    <ClCompile Include="..\..\Math\Vector3.cpp">
      <Filter>Math\Vector\Vector3</Filter>
    </ClCompile>
    <ClCompile Include="..\..\Math\Matrix.cpp">
      <Filter>Math\Matrix</Filter>
    </ClCompile>
    <ClCompile Include="..\..\Math\Plane.cpp">
      <Filter>Math\Plane</Filter>
    </ClCompile>
    <ClCompile Include="..\..\Math\Quaternion.cpp">
      <Filter>Math\Quaternion</Filter>
    </ClCompile>
    <ClCompile Include="..\..\Rendering\Color\Color.cpp">
      <Filter>Rendering\Color</Filter>
    </ClCompile>
    <ClCompile Include="..\..\Core\Time\Timer.cpp">
      <Filter>Core\Time</Filter>
    </ClCompile>
    <ClCompile Include="..\..\Rendering\Camera\CameraManager.cpp">
      <Filter>Rendering\Camera</Filter>
    </ClCompile>
    <ClCompile Include="..\..\Rendering\Camera\Camera.cpp">
      <Filter>Rendering\Camera</Filter>
    </ClCompile>
    <ClCompile Include="..\..\Intersection\AABB.cpp">
      <Filter>Intersection</Filter>
    </ClCompile>
    <ClCompile Include="..\..\Intersection\Cone.cpp">
      <Filter>Intersection</Filter>
    </ClCompile>
    <ClCompile Include="..\..\Intersection\Ray.cpp">
      <Filter>Intersection</Filter>
    </ClCompile>
    <ClCompile Include="..\..\Intersection\Sphere.cpp">
      <Filter>Intersection</Filter>
    </ClCompile>
    <ClCompile Include="..\..\Rendering\Texture\RenderTexture.cpp">
      <Filter>Rendering\Texture</Filter>
    </ClCompile>
    <ClCompile Include="..\..\Rendering\Buffer\VertexBuffer.cpp">
      <Filter>Rendering\Buffer\Vertex</Filter>
    </ClCompile>
    <ClCompile Include="..\..\Rendering\Buffer\IndexBuffer.cpp">
      <Filter>Rendering\Buffer\Index</Filter>
    </ClCompile>
    <ClCompile Include="..\..\Rendering\Buffer\BaseBuffer.cpp">
      <Filter>Rendering\Buffer\Base</Filter>
    </ClCompile>
    <ClCompile Include="..\..\Rendering\Shader\ShaderManager.cpp">
      <Filter>Rendering\Shader</Filter>
    </ClCompile>
    <ClCompile Include="..\..\Rendering\Shader\VertexShader.cpp">
      <Filter>Rendering\Shader</Filter>
    </ClCompile>
    <ClCompile Include="..\..\Rendering\Shader\PixelShader.cpp">
      <Filter>Rendering\Shader</Filter>
    </ClCompile>
    <ClCompile Include="..\..\Rendering\Mesh\MeshRenderer.cpp">
      <Filter>Rendering\Mesh</Filter>
    </ClCompile>
    <ClCompile Include="..\..\Rendering\Mesh\MeshFilter.cpp">
      <Filter>Rendering\Mesh</Filter>
    </ClCompile>
    <ClCompile Include="..\..\Rendering\Mesh\Mesh.cpp">
      <Filter>Rendering\Mesh</Filter>
    </ClCompile>
    <ClCompile Include="..\..\Rendering\Material\Material.cpp">
      <Filter>Rendering\Material</Filter>
    </ClCompile>
    <ClCompile Include="..\..\Rendering\Mesh\MeshBasicData.cpp">
      <Filter>Rendering\Mesh</Filter>
    </ClCompile>
    <ClCompile Include="..\..\Rendering\Buffer\ConstBuffer.cpp">
      <Filter>Rendering\Buffer\Const</Filter>
    </ClCompile>
    <ClCompile Include="..\..\Rendering\Texture\Texture.cpp">
      <Filter>Rendering\Texture</Filter>
    </ClCompile>
    <ClCompile Include="..\..\Rendering\Texture\TextureManager.cpp">
      <Filter>Rendering\Texture</Filter>
    </ClCompile>
    <ClCompile Include="..\..\Rendering\Sampler\Sampler.cpp">
      <Filter>Rendering\Sampler</Filter>
    </ClCompile>
    <ClCompile Include="..\..\Rendering\Buffer\ConstBufferManager.cpp">
      <Filter>Rendering\Buffer\Const</Filter>
    </ClCompile>
    <ClCompile Include="..\..\Rendering\Shader\BaseShader.cpp">
      <Filter>Rendering\Shader</Filter>
    </ClCompile>
    <ClCompile Include="..\..\Utility\DirectoryManager.cpp">
      <Filter>Utility</Filter>
    </ClCompile>
    <ClCompile Include="..\Director\Director.cpp">
      <Filter>Device\Director</Filter>
    </ClCompile>
    <ClCompile Include="..\DirectX\DirectX.cpp">
      <Filter>Device\DirectX</Filter>
    </ClCompile>
    <ClCompile Include="TestScene.cpp">
      <Filter>소스 파일</Filter>
    </ClCompile>
    <ClCompile Include="main.cpp">
      <Filter>소스 파일</Filter>
    </ClCompile>
    <ClCompile Include="..\..\Importer\ObjImporter.cpp">
      <Filter>Importer</Filter>
    </ClCompile>
  </ItemGroup>
</Project>