<?xml version="1.0" encoding="utf-8"?>
<Project ToolsVersion="4.0" xmlns="http://schemas.microsoft.com/developer/msbuild/2003">
  <ItemGroup>
    <Filter Include="Math">
      <UniqueIdentifier>{fe7ae6ba-29d6-4a15-99e9-41816367b37e}</UniqueIdentifier>
    </Filter>
    <Filter Include="Math\Vector">
      <UniqueIdentifier>{48afae74-d7ca-4b84-84ee-9dac3a03b5cb}</UniqueIdentifier>
    </Filter>
    <Filter Include="Math\Vector\Vector2">
      <UniqueIdentifier>{ed1b8c9c-1fa1-4779-a73b-4e09c6eddb61}</UniqueIdentifier>
    </Filter>
    <Filter Include="Math\Vector\Vector3">
      <UniqueIdentifier>{2de1487d-4879-4760-ba31-ca72a4cc8a6a}</UniqueIdentifier>
    </Filter>
    <Filter Include="Math\Vector\Vector4">
      <UniqueIdentifier>{c1306f3f-cfe3-4f86-974b-eddedcd6eddc}</UniqueIdentifier>
    </Filter>
    <Filter Include="Math\Common">
      <UniqueIdentifier>{ce28d9b7-370f-416f-8c41-ef808495af82}</UniqueIdentifier>
    </Filter>
    <Filter Include="Math\Matrix">
      <UniqueIdentifier>{eecb864e-76a2-4cf6-a3e9-edc589f92d1e}</UniqueIdentifier>
    </Filter>
    <Filter Include="Math\Quaternion">
      <UniqueIdentifier>{4826ae2c-abb1-4549-850a-bd4a37635b69}</UniqueIdentifier>
    </Filter>
    <Filter Include="Utility">
      <UniqueIdentifier>{096791ff-57b0-49c1-aa2a-ae487719b0f3}</UniqueIdentifier>
    </Filter>
    <Filter Include="Math\Rect">
      <UniqueIdentifier>{5d592127-13a0-4f7a-bc90-943f2621e2bf}</UniqueIdentifier>
    </Filter>
    <Filter Include="Core">
      <UniqueIdentifier>{f279f9af-b8f1-4356-842d-3c4cf40b76a5}</UniqueIdentifier>
    </Filter>
    <Filter Include="Core\Scene">
      <UniqueIdentifier>{3621fa38-dc2a-4d53-b142-f718a8a1f90a}</UniqueIdentifier>
    </Filter>
    <Filter Include="Core\Time">
      <UniqueIdentifier>{bb0794cc-3a9f-46c5-b423-8b917cd031fb}</UniqueIdentifier>
    </Filter>
    <Filter Include="Device">
      <UniqueIdentifier>{d9510b10-380d-427f-92cd-26632eae913b}</UniqueIdentifier>
    </Filter>
    <Filter Include="Device\Director">
      <UniqueIdentifier>{05e124f2-c444-4ea3-ac4e-d6984e6510e6}</UniqueIdentifier>
    </Filter>
    <Filter Include="Common">
      <UniqueIdentifier>{986f2004-69a4-4ef1-9a6b-8a2f38a4fe74}</UniqueIdentifier>
    </Filter>
    <Filter Include="Core\Component">
      <UniqueIdentifier>{1ac893bb-c50b-44ad-944d-07fec3dec7b9}</UniqueIdentifier>
    </Filter>
    <Filter Include="Core\Object">
      <UniqueIdentifier>{362e2a82-bc0b-4848-b4ec-292f05145111}</UniqueIdentifier>
    </Filter>
    <Filter Include="Structure">
      <UniqueIdentifier>{fd4efbd9-028c-454a-a7bb-f153d33aac85}</UniqueIdentifier>
    </Filter>
    <Filter Include="Math\Plane">
      <UniqueIdentifier>{6067178f-3376-433e-8c1e-540111037486}</UniqueIdentifier>
    </Filter>
    <Filter Include="Core\Transform">
      <UniqueIdentifier>{1aa6cca6-9c13-4a75-a3fc-f2b6a0f5d45f}</UniqueIdentifier>
    </Filter>
    <Filter Include="Intersection">
      <UniqueIdentifier>{26dd6fce-5323-4faf-b8cc-61a0eb862160}</UniqueIdentifier>
    </Filter>
    <Filter Include="Device\Win32">
      <UniqueIdentifier>{2b4269aa-4366-4980-bba3-1419c38200b0}</UniqueIdentifier>
    </Filter>
    <Filter Include="Device\DirectX">
      <UniqueIdentifier>{a2a293d6-1f83-48ac-90d6-0ad840993cf5}</UniqueIdentifier>
    </Filter>
    <Filter Include="Importer">
      <UniqueIdentifier>{7bea5a55-516d-4542-85d2-f139666b8712}</UniqueIdentifier>
    </Filter>
    <Filter Include="Template">
      <UniqueIdentifier>{e86b05aa-b1a7-4f38-a51c-a90ee7c640cf}</UniqueIdentifier>
    </Filter>
    <Filter Include="Importer\Utility">
      <UniqueIdentifier>{017d46aa-8d43-4e48-bcd5-cf547e0aa77b}</UniqueIdentifier>
    </Filter>
    <Filter Include="GPGPU">
      <UniqueIdentifier>{b6e6156d-311d-457d-b9b4-af5c1ef6429c}</UniqueIdentifier>
    </Filter>
    <Filter Include="GPGPU\DirectCompute">
      <UniqueIdentifier>{45c4a43f-0f7a-4e74-9ce3-c3f797bc8d3e}</UniqueIdentifier>
    </Filter>
    <Filter Include="Rendering">
      <UniqueIdentifier>{4cdce50f-2d2c-4998-ba7b-7efb7d319831}</UniqueIdentifier>
    </Filter>
    <Filter Include="Rendering\Color">
      <UniqueIdentifier>{a2084078-3547-4ad4-84aa-4e4842e2aa7c}</UniqueIdentifier>
    </Filter>
    <Filter Include="Rendering\Light">
      <UniqueIdentifier>{550d467d-48df-4685-985c-4f3e97e9aa6b}</UniqueIdentifier>
    </Filter>
    <Filter Include="Rendering\Camera">
      <UniqueIdentifier>{aaf18540-79a9-4e7e-821e-ab6b66a4e275}</UniqueIdentifier>
    </Filter>
    <Filter Include="Rendering\Buffer">
      <UniqueIdentifier>{29500b90-3253-4173-b6cd-ebdb482f7911}</UniqueIdentifier>
    </Filter>
    <Filter Include="Rendering\Buffer\Vertex">
      <UniqueIdentifier>{415061cc-d3b2-4f15-a281-daa28176f23f}</UniqueIdentifier>
    </Filter>
    <Filter Include="Rendering\Buffer\Index">
      <UniqueIdentifier>{2a09f098-c246-4c88-932f-e84066c8091e}</UniqueIdentifier>
    </Filter>
    <Filter Include="Rendering\Buffer\Base">
      <UniqueIdentifier>{278a0bce-cc59-4abc-bdad-a66da8812acf}</UniqueIdentifier>
    </Filter>
    <Filter Include="Rendering\Buffer\Const">
      <UniqueIdentifier>{5c662be9-b4ec-48ba-b4a5-07afec60f564}</UniqueIdentifier>
    </Filter>
    <Filter Include="Rendering\Material">
      <UniqueIdentifier>{461185e9-e09e-4c7f-a471-f44b82505590}</UniqueIdentifier>
    </Filter>
    <Filter Include="Rendering\Mesh">
      <UniqueIdentifier>{1965c25e-0900-4307-8fd5-6e2d99f4a8e9}</UniqueIdentifier>
    </Filter>
    <Filter Include="Rendering\Shader">
      <UniqueIdentifier>{dd71d5db-b9ce-42d8-9985-8a7060b13054}</UniqueIdentifier>
    </Filter>
    <Filter Include="Rendering\Shader\Pixel">
      <UniqueIdentifier>{c9c99ffc-afaa-4030-96a2-fa42d5150698}</UniqueIdentifier>
    </Filter>
    <Filter Include="Rendering\Shader\Vertex">
      <UniqueIdentifier>{e0c47a67-31e3-4c81-b6ac-50ad293c1ef9}</UniqueIdentifier>
    </Filter>
    <Filter Include="Rendering\Texture">
      <UniqueIdentifier>{227d4182-a43f-482c-ac9a-59e0c44b2e7e}</UniqueIdentifier>
    </Filter>
    <Filter Include="Utility\DirectoryManager">
      <UniqueIdentifier>{580b678e-d3aa-4d3d-9594-f3ac230ce303}</UniqueIdentifier>
    </Filter>
    <Filter Include="Rendering\Mesh\Filter">
      <UniqueIdentifier>{78b434e8-6efe-4814-87bc-77dfc8601350}</UniqueIdentifier>
    </Filter>
    <Filter Include="Rendering\Mesh\Renderer">
      <UniqueIdentifier>{2a7e15a3-7ad8-463a-9f3d-0a34cd6fe05b}</UniqueIdentifier>
    </Filter>
    <Filter Include="Rendering\Mesh\data">
      <UniqueIdentifier>{ee6cd56b-b4d5-48b9-9210-70faa266a6d0}</UniqueIdentifier>
    </Filter>
    <Filter Include="Rendering\Manager">
      <UniqueIdentifier>{2bb07164-6800-4a02-8eb8-eb09a7a69905}</UniqueIdentifier>
    </Filter>
    <Filter Include="Rendering\Light\Culling">
      <UniqueIdentifier>{5b2b7db7-a318-4ee5-9c16-72a2f5d389c2}</UniqueIdentifier>
    </Filter>
    <Filter Include="Rendering\Material\Manager">
      <UniqueIdentifier>{e950756f-4523-4bfc-a83a-af927368490a}</UniqueIdentifier>
    </Filter>
    <Filter Include="Rendering\Material\PhysicallyBased">
      <UniqueIdentifier>{ff42acfc-3419-4873-a9d5-dcfb38cf7f0f}</UniqueIdentifier>
    </Filter>
    <Filter Include="Rendering\Shader\Geometry">
      <UniqueIdentifier>{1baa9c4c-076d-4a48-a71a-40d31c355507}</UniqueIdentifier>
    </Filter>
    <Filter Include="Rendering\Shader\Hull">
      <UniqueIdentifier>{23f16d11-8de1-4701-b20e-6ebda20d0300}</UniqueIdentifier>
    </Filter>
    <Filter Include="Rendering\Texture\DepthBuffer">
      <UniqueIdentifier>{c23368c8-5248-4b98-b28e-11cdd0464c96}</UniqueIdentifier>
    </Filter>
    <Filter Include="Rendering\Texture\RenderTarget">
      <UniqueIdentifier>{6fa92e23-53e2-4d85-841c-f8aa7918404d}</UniqueIdentifier>
    </Filter>
    <Filter Include="Rendering\Camera\Frustum">
      <UniqueIdentifier>{7c0ae70f-f613-4462-83a2-0f044eef0bbe}</UniqueIdentifier>
    </Filter>
    <Filter Include="Rendering\Camera\Manager">
      <UniqueIdentifier>{698483fd-551f-49f5-945d-9e0e6a752d39}</UniqueIdentifier>
    </Filter>
    <Filter Include="UI">
      <UniqueIdentifier>{f641d90e-a254-439b-b0fe-8664cfdc73c3}</UniqueIdentifier>
    </Filter>
    <Filter Include="UI\SimpleImage2D">
      <UniqueIdentifier>{00c0f520-6339-4726-a1cf-944acff16bc6}</UniqueIdentifier>
    </Filter>
    <Filter Include="UI\Camera">
      <UniqueIdentifier>{e014fcf4-f641-4251-9ec3-34769bd8ea58}</UniqueIdentifier>
    </Filter>
    <Filter Include="UI\Manager">
      <UniqueIdentifier>{622565aa-3fed-4d01-b2ed-f5689d85700c}</UniqueIdentifier>
    </Filter>
    <Filter Include="UI\Object">
      <UniqueIdentifier>{1b752101-7811-49c0-8df2-2694c24813d0}</UniqueIdentifier>
    </Filter>
    <Filter Include="Sound">
      <UniqueIdentifier>{7c4fca20-1657-4c59-9f92-78800621e876}</UniqueIdentifier>
    </Filter>
    <Filter Include="UI\Text">
      <UniqueIdentifier>{e3ad2669-43d4-46f8-9026-f168354a386a}</UniqueIdentifier>
    </Filter>
    <Filter Include="External">
      <UniqueIdentifier>{af4f435f-c3aa-4022-8fbf-935ca4c43953}</UniqueIdentifier>
    </Filter>
    <Filter Include="External\rapidJson">
      <UniqueIdentifier>{9ebbd374-d17d-4bdd-9bc4-bd52ca114e24}</UniqueIdentifier>
    </Filter>
    <Filter Include="ResourceManager">
      <UniqueIdentifier>{17e22084-e070-4576-bfe4-0ee1f8859e32}</UniqueIdentifier>
    </Filter>
    <Filter Include="Rendering\Light\Lights">
      <UniqueIdentifier>{23fe0e64-3f4f-439d-bbb3-52423acd04f3}</UniqueIdentifier>
    </Filter>
    <Filter Include="Rendering\Light\Lights\Form">
      <UniqueIdentifier>{998b8141-2ab9-4494-80ba-348a67ce642f}</UniqueIdentifier>
    </Filter>
    <Filter Include="Rendering\Light\Manager">
      <UniqueIdentifier>{a9f4309a-bb67-4a5b-9eaa-156283bafa29}</UniqueIdentifier>
    </Filter>
    <Filter Include="Rendering\Light\Lights\Directional">
      <UniqueIdentifier>{c5badaf2-4dbd-412f-a2de-f4e175d49387}</UniqueIdentifier>
    </Filter>
    <Filter Include="Rendering\Light\Lights\Point">
      <UniqueIdentifier>{ad4cf11d-cb3d-4d26-9852-a25a393152ab}</UniqueIdentifier>
    </Filter>
    <Filter Include="Rendering\Light\Lights\Spot">
      <UniqueIdentifier>{217364df-5f7c-4465-b62d-274758ea8bb2}</UniqueIdentifier>
    </Filter>
    <Filter Include="Rendering\Camera\CameraForm">
      <UniqueIdentifier>{72517065-541d-462c-9334-c409a8494fe3}</UniqueIdentifier>
    </Filter>
    <Filter Include="Rendering\Shader\Manager">
      <UniqueIdentifier>{3487cdc5-5d70-428c-8d14-ef81a680dde5}</UniqueIdentifier>
    </Filter>
    <Filter Include="Rendering\Shader\Macro">
      <UniqueIdentifier>{65f2ac00-35fe-41f7-9abd-803503957b11}</UniqueIdentifier>
    </Filter>
    <Filter Include="ShaderCodes">
      <UniqueIdentifier>{877cecda-6dde-4a84-8f71-3e96cf36edd6}</UniqueIdentifier>
    </Filter>
    <Filter Include="ShaderCodes\UI">
      <UniqueIdentifier>{6809cf50-2eae-4027-9b0a-25acc6f06b09}</UniqueIdentifier>
    </Filter>
    <Filter Include="GPGPU\DirectCompute\Output">
      <UniqueIdentifier>{1f177282-58da-4cea-82e8-50f71419e581}</UniqueIdentifier>
    </Filter>
    <Filter Include="GPGPU\DirectCompute\Output\RWTexture">
      <UniqueIdentifier>{15f70036-b82d-49da-9f90-3112156c70ae}</UniqueIdentifier>
    </Filter>
    <Filter Include="GPGPU\DirectCompute\Output\RWBuffer">
      <UniqueIdentifier>{773d7581-f22f-483c-8459-d9623f173f01}</UniqueIdentifier>
    </Filter>
    <Filter Include="Rendering\Buffer\ShaderResource">
      <UniqueIdentifier>{8dd9a6a6-33d6-4f65-920c-3801c361ef8e}</UniqueIdentifier>
    </Filter>
    <Filter Include="ShaderCodes\PostProcessing">
      <UniqueIdentifier>{6011665d-b1bc-4f5e-a4f6-e678b5d4ab72}</UniqueIdentifier>
    </Filter>
    <Filter Include="Rendering\PostProcessing">
      <UniqueIdentifier>{55580f24-0c71-4ae2-976e-03db37c7d307}</UniqueIdentifier>
    </Filter>
    <Filter Include="Rendering\Shading">
      <UniqueIdentifier>{ca3d40b4-c7af-48a7-a91f-a479d482217a}</UniqueIdentifier>
    </Filter>
    <Filter Include="Rendering\Shading\Deferred">
      <UniqueIdentifier>{dcc2e9b3-5779-404b-906d-95bb3d0f637b}</UniqueIdentifier>
    </Filter>
    <Filter Include="Rendering\Shading\Deferred\MainRT">
      <UniqueIdentifier>{e5ae4add-57a7-442a-98b8-69a442355779}</UniqueIdentifier>
    </Filter>
    <Filter Include="ShaderCodes\LightCulling">
      <UniqueIdentifier>{ff502500-e60a-415f-9c54-299247ef8fd6}</UniqueIdentifier>
    </Filter>
    <Filter Include="ShaderCodes\LightCulling\header">
      <UniqueIdentifier>{3a248504-a1be-452d-988d-d799f1dbd0bd}</UniqueIdentifier>
    </Filter>
    <Filter Include="ShaderCodes\Deferred">
      <UniqueIdentifier>{6234f508-e009-42cc-9ea1-e5a0603b5720}</UniqueIdentifier>
    </Filter>
    <Filter Include="ShaderCodes\Common">
      <UniqueIdentifier>{46a47092-08bd-4611-b92f-83faacd950c9}</UniqueIdentifier>
    </Filter>
    <Filter Include="Rendering\Shader\Form">
      <UniqueIdentifier>{76c609d7-2300-44b4-83e6-d5e0dd6f981c}</UniqueIdentifier>
    </Filter>
    <Filter Include="Rendering\Camera\MainCamera">
      <UniqueIdentifier>{cffe85ab-ef84-402f-9f7d-eaf5a0137aad}</UniqueIdentifier>
    </Filter>
    <Filter Include="Rendering\PostProcessing\FullScreen">
      <UniqueIdentifier>{4916d140-66c0-4481-a48e-04eb03dedbf2}</UniqueIdentifier>
    </Filter>
    <Filter Include="Rendering\PostProcessing\BackBufferMaker">
      <UniqueIdentifier>{6dc42fd7-ce2d-4f11-8bb2-7ba4c8f7b85b}</UniqueIdentifier>
    </Filter>
    <Filter Include="External\DirectXTK">
      <UniqueIdentifier>{197c00a3-ca0a-4d6e-879e-19980317d55a}</UniqueIdentifier>
    </Filter>
    <Filter Include="Rendering\Texture\Manager">
      <UniqueIdentifier>{3439f999-db4a-4c0d-860a-6e71210e8d2b}</UniqueIdentifier>
    </Filter>
    <Filter Include="External\bson">
      <UniqueIdentifier>{d4ca8081-4004-4bf9-a924-bea1d34e0438}</UniqueIdentifier>
    </Filter>
    <Filter Include="ShaderCodes\Mesh">
      <UniqueIdentifier>{85de1ee0-7e07-4f7e-8b4a-ef117da465b2}</UniqueIdentifier>
    </Filter>
    <Filter Include="ShaderCodes\Mesh\GBuffer">
      <UniqueIdentifier>{88135b69-cc45-4b5e-bf31-e2b4d4387614}</UniqueIdentifier>
    </Filter>
    <Filter Include="ShaderCodes\Mesh\Transparency">
      <UniqueIdentifier>{7573495d-744c-4d79-987e-a4d8c95cbec0}</UniqueIdentifier>
    </Filter>
    <Filter Include="ShaderCodes\Mesh\Forward">
      <UniqueIdentifier>{e9bd2020-ac13-4f9a-8a21-79b3ad016ba5}</UniqueIdentifier>
    </Filter>
  </ItemGroup>
  <ItemGroup>
    <ClInclude Include="Common\Common.h">
      <Filter>Common</Filter>
    </ClInclude>
    <ClInclude Include="Core\Scene\Scene.h">
      <Filter>Core\Scene</Filter>
    </ClInclude>
    <ClInclude Include="Core\Component\Component.h">
      <Filter>Core\Component</Filter>
    </ClInclude>
    <ClInclude Include="Core\Object\Object.h">
      <Filter>Core\Object</Filter>
    </ClInclude>
    <ClInclude Include="Core\Transform\Transform.h">
      <Filter>Core\Transform</Filter>
    </ClInclude>
    <ClInclude Include="Structure\Structure.h">
      <Filter>Structure</Filter>
    </ClInclude>
    <ClInclude Include="Math\EngineMath.h">
      <Filter>Math</Filter>
    </ClInclude>
    <ClInclude Include="Math\MathCommon.h">
      <Filter>Math\Common</Filter>
    </ClInclude>
    <ClInclude Include="Math\Vector4.h">
      <Filter>Math\Vector\Vector4</Filter>
    </ClInclude>
    <ClInclude Include="Math\Vector2.h">
      <Filter>Math\Vector\Vector2</Filter>
    </ClInclude>
    <ClInclude Include="Math\Vector3.h">
      <Filter>Math\Vector\Vector3</Filter>
    </ClInclude>
    <ClInclude Include="Math\Matrix.h">
      <Filter>Math\Matrix</Filter>
    </ClInclude>
    <ClInclude Include="Math\Plane.h">
      <Filter>Math\Plane</Filter>
    </ClInclude>
    <ClInclude Include="Math\Quaternion.h">
      <Filter>Math\Quaternion</Filter>
    </ClInclude>
    <ClInclude Include="Math\Rect.h">
      <Filter>Math\Rect</Filter>
    </ClInclude>
    <ClInclude Include="Math\Size.h">
      <Filter>Math\Rect</Filter>
    </ClInclude>
    <ClInclude Include="Rendering\Color\Color.h">
      <Filter>Rendering\Color</Filter>
    </ClInclude>
    <ClInclude Include="Core\Time\Timer.h">
      <Filter>Core\Time</Filter>
    </ClInclude>
    <ClInclude Include="Structure\Singleton.h">
      <Filter>Structure</Filter>
    </ClInclude>
    <ClInclude Include="Intersection\AABB.h">
      <Filter>Intersection</Filter>
    </ClInclude>
    <ClInclude Include="Intersection\Cone.h">
      <Filter>Intersection</Filter>
    </ClInclude>
    <ClInclude Include="Intersection\Intersection.h">
      <Filter>Intersection</Filter>
    </ClInclude>
    <ClInclude Include="Intersection\Ray.h">
      <Filter>Intersection</Filter>
    </ClInclude>
    <ClInclude Include="Intersection\Sphere.h">
      <Filter>Intersection</Filter>
    </ClInclude>
    <ClInclude Include="Rendering\Buffer\VertexBuffer.h">
      <Filter>Rendering\Buffer\Vertex</Filter>
    </ClInclude>
    <ClInclude Include="Rendering\Buffer\IndexBuffer.h">
      <Filter>Rendering\Buffer\Index</Filter>
    </ClInclude>
    <ClInclude Include="Rendering\Buffer\BaseBuffer.h">
      <Filter>Rendering\Buffer\Base</Filter>
    </ClInclude>
    <ClInclude Include="Rendering\Mesh\Mesh.h">
      <Filter>Rendering\Mesh</Filter>
    </ClInclude>
    <ClInclude Include="Utility\Utility.h">
      <Filter>Utility</Filter>
    </ClInclude>
    <ClInclude Include="Rendering\Material\Material.h">
      <Filter>Rendering\Material</Filter>
    </ClInclude>
    <ClInclude Include="Rendering\Buffer\ConstBuffer.h">
      <Filter>Rendering\Buffer\Const</Filter>
    </ClInclude>
    <ClInclude Include="Core\Transform\TransformPipelineParam.h">
      <Filter>Core\Transform</Filter>
    </ClInclude>
    <ClInclude Include="Importer\ImporterUtility.h">
      <Filter>Importer\Utility</Filter>
    </ClInclude>
    <ClInclude Include="Importer\MeshImporter.h">
      <Filter>Importer</Filter>
    </ClInclude>
    <ClInclude Include="Rendering\Buffer\BufferManager.h">
      <Filter>Rendering\Buffer</Filter>
    </ClInclude>
    <ClInclude Include="Structure\MapInMap.h">
      <Filter>Structure</Filter>
    </ClInclude>
    <ClInclude Include="Rendering\Shader\EngineShaderFactory.hpp">
      <Filter>Rendering\Shader</Filter>
    </ClInclude>
    <ClInclude Include="Rendering\Shader\PixelShader.h">
      <Filter>Rendering\Shader\Pixel</Filter>
    </ClInclude>
    <ClInclude Include="Rendering\Shader\VertexShader.h">
      <Filter>Rendering\Shader\Vertex</Filter>
    </ClInclude>
    <ClInclude Include="Rendering\Shader\ShaderManager.h">
      <Filter>Rendering\Shader\Manager</Filter>
    </ClInclude>
    <ClInclude Include="GPGPU\ComputeShader.h">
      <Filter>GPGPU\DirectCompute</Filter>
    </ClInclude>
    <ClInclude Include="Device\Director.h">
      <Filter>Device\Director</Filter>
    </ClInclude>
    <ClInclude Include="Device\DirectX.h">
      <Filter>Device\DirectX</Filter>
    </ClInclude>
    <ClInclude Include="Device\Win32.h">
      <Filter>Device\Win32</Filter>
    </ClInclude>
    <ClInclude Include="Utility\DirectoryManager.h">
      <Filter>Utility\DirectoryManager</Filter>
    </ClInclude>
    <ClInclude Include="Rendering\Mesh\MeshBasicData.h">
      <Filter>Rendering\Mesh\data</Filter>
    </ClInclude>
    <ClInclude Include="Rendering\Mesh\MeshFilter.h">
      <Filter>Rendering\Mesh\Filter</Filter>
    </ClInclude>
    <ClInclude Include="Rendering\Mesh\MeshRenderer.h">
      <Filter>Rendering\Mesh\Renderer</Filter>
    </ClInclude>
    <ClInclude Include="Rendering\RenderManager\RenderManager.h">
      <Filter>Rendering\Manager</Filter>
    </ClInclude>
    <ClInclude Include="Rendering\Light\Culling\LightCulling.h">
      <Filter>Rendering\Light\Culling</Filter>
    </ClInclude>
    <ClInclude Include="Rendering\Buffer\ConstBuffer_CPURead.h">
      <Filter>Rendering\Buffer\Const</Filter>
    </ClInclude>
    <ClInclude Include="Rendering\Material\MaterialManager.h">
      <Filter>Rendering\Material\Manager</Filter>
    </ClInclude>
    <ClInclude Include="Rendering\Material\PhysicallyBasedMaterial.h">
      <Filter>Rendering\Material\PhysicallyBased</Filter>
    </ClInclude>
    <ClInclude Include="Common\Container.h">
      <Filter>Common</Filter>
    </ClInclude>
    <ClInclude Include="Rendering\Shader\GeometryShader.h">
      <Filter>Rendering\Shader\Geometry</Filter>
    </ClInclude>
    <ClInclude Include="Rendering\Shader\HullShader.h">
      <Filter>Rendering\Shader\Hull</Filter>
    </ClInclude>
    <ClInclude Include="Rendering\Shader\Shaders.h">
      <Filter>Rendering\Shader</Filter>
    </ClInclude>
    <ClInclude Include="Rendering\Texture\DepthBuffer.h">
      <Filter>Rendering\Texture\DepthBuffer</Filter>
    </ClInclude>
    <ClInclude Include="Rendering\Texture\RenderTexture.h">
      <Filter>Rendering\Texture\RenderTarget</Filter>
    </ClInclude>
    <ClInclude Include="Rendering\Texture\TextureManager.h">
      <Filter>Rendering\Texture\Manager</Filter>
    </ClInclude>
    <ClInclude Include="Rendering\Camera\CameraManager.h">
      <Filter>Rendering\Camera\Manager</Filter>
    </ClInclude>
    <ClInclude Include="Rendering\Camera\Frustum.h">
      <Filter>Rendering\Camera\Frustum</Filter>
    </ClInclude>
    <ClInclude Include="UI\UICamera.h">
      <Filter>UI\Camera</Filter>
    </ClInclude>
    <ClInclude Include="UI\SimpleImage2D.h">
      <Filter>UI\SimpleImage2D</Filter>
    </ClInclude>
    <ClInclude Include="UI\UIObject.h">
      <Filter>UI\Object</Filter>
    </ClInclude>
    <ClInclude Include="UI\UIManager.h">
      <Filter>UI\Manager</Filter>
    </ClInclude>
    <ClInclude Include="Sound\SimpleSoundPlayer.h">
      <Filter>Sound</Filter>
    </ClInclude>
    <ClInclude Include="UI\SimpleText2D.h">
      <Filter>UI\Text</Filter>
    </ClInclude>
    <ClInclude Include="UI\FontLoader.h">
      <Filter>UI\Text</Filter>
    </ClInclude>
    <ClInclude Include="External\rapidjson\allocators.h">
      <Filter>External\rapidJson</Filter>
    </ClInclude>
    <ClInclude Include="External\rapidjson\document.h">
      <Filter>External\rapidJson</Filter>
    </ClInclude>
    <ClInclude Include="External\rapidjson\internal\dtoa.h">
      <Filter>External\rapidJson</Filter>
    </ClInclude>
    <ClInclude Include="External\rapidjson\error\en.h">
      <Filter>External\rapidJson</Filter>
    </ClInclude>
    <ClInclude Include="External\rapidjson\encodedstream.h">
      <Filter>External\rapidJson</Filter>
    </ClInclude>
    <ClInclude Include="External\rapidjson\encodings.h">
      <Filter>External\rapidJson</Filter>
    </ClInclude>
    <ClInclude Include="External\rapidjson\error\error.h">
      <Filter>External\rapidJson</Filter>
    </ClInclude>
    <ClInclude Include="External\rapidjson\filereadstream.h">
      <Filter>External\rapidJson</Filter>
    </ClInclude>
    <ClInclude Include="External\rapidjson\filestream.h">
      <Filter>External\rapidJson</Filter>
    </ClInclude>
    <ClInclude Include="External\rapidjson\filewritestream.h">
      <Filter>External\rapidJson</Filter>
    </ClInclude>
    <ClInclude Include="External\rapidjson\msinttypes\inttypes.h">
      <Filter>External\rapidJson</Filter>
    </ClInclude>
    <ClInclude Include="External\rapidjson\internal\itoa.h">
      <Filter>External\rapidJson</Filter>
    </ClInclude>
    <ClInclude Include="External\rapidjson\memorybuffer.h">
      <Filter>External\rapidJson</Filter>
    </ClInclude>
    <ClInclude Include="External\rapidjson\memorystream.h">
      <Filter>External\rapidJson</Filter>
    </ClInclude>
    <ClInclude Include="External\rapidjson\internal\meta.h">
      <Filter>External\rapidJson</Filter>
    </ClInclude>
    <ClInclude Include="External\rapidjson\internal\pow10.h">
      <Filter>External\rapidJson</Filter>
    </ClInclude>
    <ClInclude Include="External\rapidjson\prettywriter.h">
      <Filter>External\rapidJson</Filter>
    </ClInclude>
    <ClInclude Include="External\rapidjson\rapidjson.h">
      <Filter>External\rapidJson</Filter>
    </ClInclude>
    <ClInclude Include="External\rapidjson\reader.h">
      <Filter>External\rapidJson</Filter>
    </ClInclude>
    <ClInclude Include="External\rapidjson\internal\stack.h">
      <Filter>External\rapidJson</Filter>
    </ClInclude>
    <ClInclude Include="External\rapidjson\msinttypes\stdint.h">
      <Filter>External\rapidJson</Filter>
    </ClInclude>
    <ClInclude Include="External\rapidjson\internal\strfunc.h">
      <Filter>External\rapidJson</Filter>
    </ClInclude>
    <ClInclude Include="External\rapidjson\stringbuffer.h">
      <Filter>External\rapidJson</Filter>
    </ClInclude>
    <ClInclude Include="External\rapidjson\writer.h">
      <Filter>External\rapidJson</Filter>
    </ClInclude>
    <ClInclude Include="ResourceManager\ResourceManager.h">
      <Filter>ResourceManager</Filter>
    </ClInclude>
    <ClInclude Include="Rendering\Light\PointLight.h">
      <Filter>Rendering\Light\Lights\Point</Filter>
    </ClInclude>
    <ClInclude Include="Rendering\Light\SpotLight.h">
      <Filter>Rendering\Light\Lights\Spot</Filter>
    </ClInclude>
    <ClInclude Include="Rendering\Light\DirectionalLight.h">
      <Filter>Rendering\Light\Lights\Directional</Filter>
    </ClInclude>
    <ClInclude Include="Rendering\Light\LightForm.h">
      <Filter>Rendering\Light\Lights\Form</Filter>
    </ClInclude>
    <ClInclude Include="Rendering\Light\LightManager.h">
      <Filter>Rendering\Light\Manager</Filter>
    </ClInclude>
    <ClInclude Include="Structure\VectorMap.h">
      <Filter>Structure</Filter>
    </ClInclude>
    <ClInclude Include="Rendering\Camera\CameraForm.h">
      <Filter>Rendering\Camera\CameraForm</Filter>
    </ClInclude>
    <ClInclude Include="Rendering\Light\Lights.h">
      <Filter>Rendering\Light\Lights</Filter>
    </ClInclude>
    <ClInclude Include="Template\ShaderFactoryTemplate.hpp">
      <Filter>Template</Filter>
    </ClInclude>
    <ClInclude Include="Rendering\Shader\ShaderMacro.h">
      <Filter>Rendering\Shader\Macro</Filter>
    </ClInclude>
    <ClInclude Include="GPGPU\CSRWTexture.h">
      <Filter>GPGPU\DirectCompute\Output\RWTexture</Filter>
    </ClInclude>
    <ClInclude Include="Rendering\Texture\Texture2D.h">
      <Filter>Rendering\Texture</Filter>
    </ClInclude>
    <ClInclude Include="GPGPU\CSOutput.h">
      <Filter>GPGPU\DirectCompute\Output</Filter>
    </ClInclude>
    <ClInclude Include="Rendering\Light\Culling\OnlyLightCulling.h">
      <Filter>Rendering\Light\Culling</Filter>
    </ClInclude>
    <ClInclude Include="GPGPU\CSRWBuffer.h">
      <Filter>GPGPU\DirectCompute\Output\RWBuffer</Filter>
    </ClInclude>
    <ClInclude Include="Structure\VectorHashMap.h">
      <Filter>Structure</Filter>
    </ClInclude>
    <ClInclude Include="Rendering\Buffer\ShaderResourceBuffer.h">
      <Filter>Rendering\Buffer\ShaderResource</Filter>
    </ClInclude>
    <ClInclude Include="ShaderCodes\ShaderCommon.h">
      <Filter>ShaderCodes\Common</Filter>
    </ClInclude>
    <ClInclude Include="ShaderCodes\PhysicallyBased_Forward_Common.h">
      <Filter>ShaderCodes\Mesh\Forward</Filter>
    </ClInclude>
    <ClInclude Include="ShaderCodes\PhysicallyBased_GBuffer_Common.h">
      <Filter>ShaderCodes\Mesh\GBuffer</Filter>
    </ClInclude>
    <ClInclude Include="ShaderCodes\FullScreenShader.h">
      <Filter>ShaderCodes\PostProcessing</Filter>
    </ClInclude>
    <ClInclude Include="Rendering\Shading\OffScreen.h">
      <Filter>Rendering\Shading\Deferred\MainRT</Filter>
    </ClInclude>
    <ClInclude Include="Rendering\Shading\ShadingWithLightCulling.h">
      <Filter>Rendering\Shading\Deferred</Filter>
    </ClInclude>
    <ClInclude Include="ShaderCodes\LightCullingCommonCS.h">
      <Filter>ShaderCodes\LightCulling\header</Filter>
    </ClInclude>
    <ClInclude Include="ShaderCodes\LightCullingCompareAtomicCS.h">
      <Filter>ShaderCodes\LightCulling\header</Filter>
    </ClInclude>
    <ClInclude Include="ShaderCodes\LightCullingCompareParallelCS.h">
      <Filter>ShaderCodes\LightCulling\header</Filter>
    </ClInclude>
    <ClInclude Include="Rendering\Shading\TBRShaderIndexSlotInfo.h">
      <Filter>Rendering\Shading</Filter>
    </ClInclude>
    <ClInclude Include="Rendering\Shader\ShaderForm.h">
      <Filter>Rendering\Shader\Form</Filter>
    </ClInclude>
    <ClInclude Include="Rendering\Camera\MainCamera.h">
      <Filter>Rendering\Camera\MainCamera</Filter>
    </ClInclude>
    <ClInclude Include="Rendering\PostProcessing\FullScreen.h">
      <Filter>Rendering\PostProcessing\FullScreen</Filter>
    </ClInclude>
    <ClInclude Include="Rendering\PostProcessing\BackBufferMaker.h">
      <Filter>Rendering\PostProcessing\BackBufferMaker</Filter>
    </ClInclude>
    <ClInclude Include="External\DirectXTK\WICTextureLoader.h">
      <Filter>External\DirectXTK</Filter>
    </ClInclude>
    <ClInclude Include="External\DirectXTK\DirectXHelpers.h">
      <Filter>External\DirectXTK</Filter>
    </ClInclude>
    <ClInclude Include="External\DirectXTK\PlatformHelpers.h">
      <Filter>External\DirectXTK</Filter>
    </ClInclude>
    <ClInclude Include="Importer\G3djDataTypes.h">
      <Filter>Importer</Filter>
    </ClInclude>
    <ClInclude Include="ShaderCodes\PhysicallyBased_Common.h">
      <Filter>ShaderCodes\Common</Filter>
    </ClInclude>
    <ClInclude Include="ShaderCodes\BRDF.h">
      <Filter>ShaderCodes\Common</Filter>
    </ClInclude>
  </ItemGroup>
  <ItemGroup>
    <ClCompile Include="Core\Scene\Scene.cpp">
      <Filter>Core\Scene</Filter>
    </ClCompile>
    <ClCompile Include="Core\Component\Component.cpp">
      <Filter>Core\Component</Filter>
    </ClCompile>
    <ClCompile Include="Core\Object\Object.cpp">
      <Filter>Core\Object</Filter>
    </ClCompile>
    <ClCompile Include="Core\Transform\Transform.cpp">
      <Filter>Core\Transform</Filter>
    </ClCompile>
    <ClCompile Include="Math\MathCommon.cpp">
      <Filter>Math\Common</Filter>
    </ClCompile>
    <ClCompile Include="Math\Vector4.cpp">
      <Filter>Math\Vector\Vector4</Filter>
    </ClCompile>
    <ClCompile Include="Math\Vector2.cpp">
      <Filter>Math\Vector\Vector2</Filter>
    </ClCompile>
    <ClCompile Include="Math\Vector3.cpp">
      <Filter>Math\Vector\Vector3</Filter>
    </ClCompile>
    <ClCompile Include="Math\Matrix.cpp">
      <Filter>Math\Matrix</Filter>
    </ClCompile>
    <ClCompile Include="Math\Plane.cpp">
      <Filter>Math\Plane</Filter>
    </ClCompile>
    <ClCompile Include="Math\Quaternion.cpp">
      <Filter>Math\Quaternion</Filter>
    </ClCompile>
    <ClCompile Include="Rendering\Color\Color.cpp">
      <Filter>Rendering\Color</Filter>
    </ClCompile>
    <ClCompile Include="Core\Time\Timer.cpp">
      <Filter>Core\Time</Filter>
    </ClCompile>
    <ClCompile Include="Intersection\AABB.cpp">
      <Filter>Intersection</Filter>
    </ClCompile>
    <ClCompile Include="Intersection\Cone.cpp">
      <Filter>Intersection</Filter>
    </ClCompile>
    <ClCompile Include="Intersection\Ray.cpp">
      <Filter>Intersection</Filter>
    </ClCompile>
    <ClCompile Include="Intersection\Sphere.cpp">
      <Filter>Intersection</Filter>
    </ClCompile>
    <ClCompile Include="Rendering\Buffer\VertexBuffer.cpp">
      <Filter>Rendering\Buffer\Vertex</Filter>
    </ClCompile>
    <ClCompile Include="Rendering\Buffer\IndexBuffer.cpp">
      <Filter>Rendering\Buffer\Index</Filter>
    </ClCompile>
    <ClCompile Include="Rendering\Buffer\BaseBuffer.cpp">
      <Filter>Rendering\Buffer\Base</Filter>
    </ClCompile>
    <ClCompile Include="Rendering\Mesh\Mesh.cpp">
      <Filter>Rendering\Mesh</Filter>
    </ClCompile>
    <ClCompile Include="Rendering\Material\Material.cpp">
      <Filter>Rendering\Material</Filter>
    </ClCompile>
    <ClCompile Include="Rendering\Buffer\ConstBuffer.cpp">
      <Filter>Rendering\Buffer\Const</Filter>
    </ClCompile>
    <ClCompile Include="Importer\ImporterUtility.cpp">
      <Filter>Importer\Utility</Filter>
    </ClCompile>
    <ClCompile Include="Importer\MeshImporter.cpp">
      <Filter>Importer</Filter>
    </ClCompile>
    <ClCompile Include="Rendering\Buffer\BufferManager.cpp">
      <Filter>Rendering\Buffer</Filter>
    </ClCompile>
    <ClCompile Include="Rendering\Shader\PixelShader.cpp">
      <Filter>Rendering\Shader\Pixel</Filter>
    </ClCompile>
    <ClCompile Include="Rendering\Shader\VertexShader.cpp">
      <Filter>Rendering\Shader\Vertex</Filter>
    </ClCompile>
    <ClCompile Include="Rendering\Shader\ShaderManager.cpp">
      <Filter>Rendering\Shader\Manager</Filter>
    </ClCompile>
    <ClCompile Include="GPGPU\ComputeShader.cpp">
      <Filter>GPGPU\DirectCompute</Filter>
    </ClCompile>
    <ClCompile Include="Device\Director.cpp">
      <Filter>Device\Director</Filter>
    </ClCompile>
    <ClCompile Include="Device\DirectX.cpp">
      <Filter>Device\DirectX</Filter>
    </ClCompile>
    <ClCompile Include="Device\Win32.cpp">
      <Filter>Device\Win32</Filter>
    </ClCompile>
    <ClCompile Include="Utility\DirectoryManager.cpp">
      <Filter>Utility\DirectoryManager</Filter>
    </ClCompile>
    <ClCompile Include="Rendering\Mesh\MeshBasicData.cpp">
      <Filter>Rendering\Mesh\data</Filter>
    </ClCompile>
    <ClCompile Include="Rendering\Mesh\MeshFilter.cpp">
      <Filter>Rendering\Mesh\Filter</Filter>
    </ClCompile>
    <ClCompile Include="Rendering\Mesh\MeshRenderer.cpp">
      <Filter>Rendering\Mesh\Renderer</Filter>
    </ClCompile>
    <ClCompile Include="Rendering\RenderManager\RenderManager.cpp">
      <Filter>Rendering\Manager</Filter>
    </ClCompile>
    <ClCompile Include="Rendering\Light\Culling\LightCulling.cpp">
      <Filter>Rendering\Light\Culling</Filter>
    </ClCompile>
    <ClCompile Include="Rendering\Buffer\ConstBuffer_CPURead.cpp">
      <Filter>Rendering\Buffer\Const</Filter>
    </ClCompile>
    <ClCompile Include="Rendering\Material\MaterialManager.cpp">
      <Filter>Rendering\Material\Manager</Filter>
    </ClCompile>
    <ClCompile Include="Rendering\Material\PhysicallyBasedMaterial.cpp">
      <Filter>Rendering\Material\PhysicallyBased</Filter>
    </ClCompile>
    <ClCompile Include="Rendering\Shader\GeometryShader.cpp">
      <Filter>Rendering\Shader\Geometry</Filter>
    </ClCompile>
    <ClCompile Include="Rendering\Shader\HullShader.cpp">
      <Filter>Rendering\Shader\Hull</Filter>
    </ClCompile>
    <ClCompile Include="Rendering\Texture\DepthBuffer.cpp">
      <Filter>Rendering\Texture\DepthBuffer</Filter>
    </ClCompile>
    <ClCompile Include="Rendering\Texture\RenderTexture.cpp">
      <Filter>Rendering\Texture\RenderTarget</Filter>
    </ClCompile>
    <ClCompile Include="Rendering\Texture\TextureManager.cpp">
      <Filter>Rendering\Texture\Manager</Filter>
    </ClCompile>
    <ClCompile Include="Rendering\Camera\CameraManager.cpp">
      <Filter>Rendering\Camera\Manager</Filter>
    </ClCompile>
    <ClCompile Include="Rendering\Camera\Frustum.cpp">
      <Filter>Rendering\Camera\Frustum</Filter>
    </ClCompile>
    <ClCompile Include="UI\UICamera.cpp">
      <Filter>UI\Camera</Filter>
    </ClCompile>
    <ClCompile Include="UI\SimpleImage2D.cpp">
      <Filter>UI\SimpleImage2D</Filter>
    </ClCompile>
    <ClCompile Include="UI\UIObject.cpp">
      <Filter>UI\Object</Filter>
    </ClCompile>
    <ClCompile Include="UI\UIManager.cpp">
      <Filter>UI\Manager</Filter>
    </ClCompile>
    <ClCompile Include="Sound\SimpleSoundPlayer.cpp">
      <Filter>Sound</Filter>
    </ClCompile>
    <ClCompile Include="UI\SimpleText2D.cpp">
      <Filter>UI\Text</Filter>
    </ClCompile>
    <ClCompile Include="UI\FontLoader.cpp">
      <Filter>UI\Text</Filter>
    </ClCompile>
    <ClCompile Include="ResourceManager\ResourceManager.cpp">
      <Filter>ResourceManager</Filter>
    </ClCompile>
    <ClCompile Include="Rendering\Light\PointLight.cpp">
      <Filter>Rendering\Light\Lights\Point</Filter>
    </ClCompile>
    <ClCompile Include="Rendering\Light\SpotLight.cpp">
      <Filter>Rendering\Light\Lights\Spot</Filter>
    </ClCompile>
    <ClCompile Include="Rendering\Light\DirectionalLight.cpp">
      <Filter>Rendering\Light\Lights\Directional</Filter>
    </ClCompile>
    <ClCompile Include="Rendering\Light\LightForm.cpp">
      <Filter>Rendering\Light\Lights\Form</Filter>
    </ClCompile>
    <ClCompile Include="Rendering\Light\LightManager.cpp">
      <Filter>Rendering\Light\Manager</Filter>
    </ClCompile>
    <ClCompile Include="Rendering\Camera\CameraForm.cpp">
      <Filter>Rendering\Camera\CameraForm</Filter>
    </ClCompile>
    <ClCompile Include="Rendering\Shader\ShaderMacro.cpp">
      <Filter>Rendering\Shader\Macro</Filter>
    </ClCompile>
    <ClCompile Include="GPGPU\CSRWTexture.cpp">
      <Filter>GPGPU\DirectCompute\Output\RWTexture</Filter>
    </ClCompile>
    <ClCompile Include="Rendering\Texture\Texture2D.cpp">
      <Filter>Rendering\Texture</Filter>
    </ClCompile>
    <ClCompile Include="GPGPU\CSOutput.cpp">
      <Filter>GPGPU\DirectCompute\Output</Filter>
    </ClCompile>
    <ClCompile Include="Rendering\Light\Culling\OnlyLightCulling.cpp">
      <Filter>Rendering\Light\Culling</Filter>
    </ClCompile>
    <ClCompile Include="GPGPU\CSRWBuffer.cpp">
      <Filter>GPGPU\DirectCompute\Output\RWBuffer</Filter>
    </ClCompile>
    <ClCompile Include="Rendering\Buffer\ShaderResourceBuffer.cpp">
      <Filter>Rendering\Buffer\ShaderResource</Filter>
    </ClCompile>
    <ClCompile Include="Rendering\Shading\OffScreen.cpp">
      <Filter>Rendering\Shading\Deferred\MainRT</Filter>
    </ClCompile>
    <ClCompile Include="Rendering\Shading\ShadingWithLightCulling.cpp">
      <Filter>Rendering\Shading\Deferred</Filter>
    </ClCompile>
    <ClCompile Include="Rendering\Shader\ShaderForm.cpp">
      <Filter>Rendering\Shader\Form</Filter>
    </ClCompile>
    <ClCompile Include="Rendering\Camera\MainCamera.cpp">
      <Filter>Rendering\Camera\MainCamera</Filter>
    </ClCompile>
    <ClCompile Include="Rendering\PostProcessing\FullScreen.cpp">
      <Filter>Rendering\PostProcessing\FullScreen</Filter>
    </ClCompile>
    <ClCompile Include="Rendering\PostProcessing\BackBufferMaker.cpp">
      <Filter>Rendering\PostProcessing\BackBufferMaker</Filter>
    </ClCompile>
    <ClCompile Include="External\DirectXTK\WICTextureLoader.cpp">
      <Filter>External\DirectXTK</Filter>
    </ClCompile>
  </ItemGroup>
  <ItemGroup>
    <FxCompile Include="ShaderCodes\PhysicallyBased_GBuffer_N_UV.hlsl">
      <Filter>ShaderCodes\Mesh\GBuffer</Filter>
    </FxCompile>
    <FxCompile Include="ShaderCodes\PhysicallyBased_GBuffer_UV.hlsl">
      <Filter>ShaderCodes\Mesh\GBuffer</Filter>
    </FxCompile>
    <FxCompile Include="ShaderCodes\PhysicallyBased_Transparency_N_UV.hlsl">
      <Filter>ShaderCodes\Mesh\Transparency</Filter>
    </FxCompile>
    <FxCompile Include="ShaderCodes\PhysicallyBased_Transparency_UV.hlsl">
      <Filter>ShaderCodes\Mesh\Transparency</Filter>
    </FxCompile>
    <FxCompile Include="ShaderCodes\SimpleUIImage2D.hlsl">
      <Filter>ShaderCodes\UI</Filter>
    </FxCompile>
    <FxCompile Include="ShaderCodes\DeferredMainOffScreen.hlsl">
      <Filter>ShaderCodes\PostProcessing</Filter>
    </FxCompile>
    <FxCompile Include="ShaderCodes\TBDR.hlsl">
      <Filter>ShaderCodes\Deferred</Filter>
    </FxCompile>
    <FxCompile Include="ShaderCodes\OnlyLightCullingCS.hlsl">
      <Filter>ShaderCodes\LightCulling</Filter>
    </FxCompile>
    <FxCompile Include="ShaderCodes\FinalScreenMerger.hlsl">
      <Filter>ShaderCodes\PostProcessing</Filter>
    </FxCompile>
    <FxCompile Include="ShaderCodes\PhysicallyBased_GBuffer_TN_UV.hlsl">
      <Filter>ShaderCodes\Mesh\GBuffer</Filter>
    </FxCompile>
    <FxCompile Include="ShaderCodes\PhysicallyBased_Transparency_TN_UV.hlsl">
      <Filter>ShaderCodes\Mesh\Transparency</Filter>
    </FxCompile>
  </ItemGroup>
</Project>