<?xml version="1.0" encoding="utf-8"?>
<Project ToolsVersion="4.0" xmlns="http://schemas.microsoft.com/developer/msbuild/2003">
  <ItemGroup>
    <Filter Include="Math">
      <UniqueIdentifier>{fe7ae6ba-29d6-4a15-99e9-41816367b37e}</UniqueIdentifier>
    </Filter>
    <Filter Include="Math\Vector">
      <UniqueIdentifier>{48afae74-d7ca-4b84-84ee-9dac3a03b5cb}</UniqueIdentifier>
    </Filter>
    <Filter Include="Math\Vector\Vector2">
      <UniqueIdentifier>{ed1b8c9c-1fa1-4779-a73b-4e09c6eddb61}</UniqueIdentifier>
    </Filter>
    <Filter Include="Math\Vector\Vector3">
      <UniqueIdentifier>{2de1487d-4879-4760-ba31-ca72a4cc8a6a}</UniqueIdentifier>
    </Filter>
    <Filter Include="Math\Vector\Vector4">
      <UniqueIdentifier>{c1306f3f-cfe3-4f86-974b-eddedcd6eddc}</UniqueIdentifier>
    </Filter>
    <Filter Include="Math\Common">
      <UniqueIdentifier>{ce28d9b7-370f-416f-8c41-ef808495af82}</UniqueIdentifier>
    </Filter>
    <Filter Include="Math\Matrix">
      <UniqueIdentifier>{eecb864e-76a2-4cf6-a3e9-edc589f92d1e}</UniqueIdentifier>
    </Filter>
    <Filter Include="Math\Quaternion">
      <UniqueIdentifier>{4826ae2c-abb1-4549-850a-bd4a37635b69}</UniqueIdentifier>
    </Filter>
    <Filter Include="Utility">
      <UniqueIdentifier>{096791ff-57b0-49c1-aa2a-ae487719b0f3}</UniqueIdentifier>
    </Filter>
    <Filter Include="Math\Rect">
      <UniqueIdentifier>{5d592127-13a0-4f7a-bc90-943f2621e2bf}</UniqueIdentifier>
    </Filter>
    <Filter Include="Core">
      <UniqueIdentifier>{f279f9af-b8f1-4356-842d-3c4cf40b76a5}</UniqueIdentifier>
    </Filter>
    <Filter Include="Core\Scene">
      <UniqueIdentifier>{3621fa38-dc2a-4d53-b142-f718a8a1f90a}</UniqueIdentifier>
    </Filter>
    <Filter Include="Core\Time">
      <UniqueIdentifier>{bb0794cc-3a9f-46c5-b423-8b917cd031fb}</UniqueIdentifier>
    </Filter>
    <Filter Include="Device">
      <UniqueIdentifier>{d9510b10-380d-427f-92cd-26632eae913b}</UniqueIdentifier>
    </Filter>
    <Filter Include="Device\Director">
      <UniqueIdentifier>{05e124f2-c444-4ea3-ac4e-d6984e6510e6}</UniqueIdentifier>
    </Filter>
    <Filter Include="Common">
      <UniqueIdentifier>{986f2004-69a4-4ef1-9a6b-8a2f38a4fe74}</UniqueIdentifier>
    </Filter>
    <Filter Include="Core\Component">
      <UniqueIdentifier>{1ac893bb-c50b-44ad-944d-07fec3dec7b9}</UniqueIdentifier>
    </Filter>
    <Filter Include="Core\Object">
      <UniqueIdentifier>{362e2a82-bc0b-4848-b4ec-292f05145111}</UniqueIdentifier>
    </Filter>
    <Filter Include="Structure">
      <UniqueIdentifier>{fd4efbd9-028c-454a-a7bb-f153d33aac85}</UniqueIdentifier>
    </Filter>
    <Filter Include="Math\Plane">
      <UniqueIdentifier>{6067178f-3376-433e-8c1e-540111037486}</UniqueIdentifier>
    </Filter>
    <Filter Include="Core\Transform">
      <UniqueIdentifier>{1aa6cca6-9c13-4a75-a3fc-f2b6a0f5d45f}</UniqueIdentifier>
    </Filter>
    <Filter Include="Intersection">
      <UniqueIdentifier>{26dd6fce-5323-4faf-b8cc-61a0eb862160}</UniqueIdentifier>
    </Filter>
    <Filter Include="Device\Win32">
      <UniqueIdentifier>{2b4269aa-4366-4980-bba3-1419c38200b0}</UniqueIdentifier>
    </Filter>
    <Filter Include="Device\DirectX">
      <UniqueIdentifier>{a2a293d6-1f83-48ac-90d6-0ad840993cf5}</UniqueIdentifier>
    </Filter>
    <Filter Include="Importer">
      <UniqueIdentifier>{7bea5a55-516d-4542-85d2-f139666b8712}</UniqueIdentifier>
    </Filter>
    <Filter Include="Template">
      <UniqueIdentifier>{e86b05aa-b1a7-4f38-a51c-a90ee7c640cf}</UniqueIdentifier>
    </Filter>
    <Filter Include="Importer\Utility">
      <UniqueIdentifier>{017d46aa-8d43-4e48-bcd5-cf547e0aa77b}</UniqueIdentifier>
    </Filter>
    <Filter Include="GPGPU">
      <UniqueIdentifier>{b6e6156d-311d-457d-b9b4-af5c1ef6429c}</UniqueIdentifier>
    </Filter>
    <Filter Include="GPGPU\DirectCompute">
      <UniqueIdentifier>{45c4a43f-0f7a-4e74-9ce3-c3f797bc8d3e}</UniqueIdentifier>
    </Filter>
    <Filter Include="Rendering">
      <UniqueIdentifier>{4cdce50f-2d2c-4998-ba7b-7efb7d319831}</UniqueIdentifier>
    </Filter>
    <Filter Include="Rendering\Color">
      <UniqueIdentifier>{a2084078-3547-4ad4-84aa-4e4842e2aa7c}</UniqueIdentifier>
    </Filter>
    <Filter Include="Rendering\Light">
      <UniqueIdentifier>{550d467d-48df-4685-985c-4f3e97e9aa6b}</UniqueIdentifier>
    </Filter>
    <Filter Include="Rendering\Camera">
      <UniqueIdentifier>{aaf18540-79a9-4e7e-821e-ab6b66a4e275}</UniqueIdentifier>
    </Filter>
    <Filter Include="Rendering\Buffer">
      <UniqueIdentifier>{29500b90-3253-4173-b6cd-ebdb482f7911}</UniqueIdentifier>
    </Filter>
    <Filter Include="Rendering\Buffer\Vertex">
      <UniqueIdentifier>{415061cc-d3b2-4f15-a281-daa28176f23f}</UniqueIdentifier>
    </Filter>
    <Filter Include="Rendering\Buffer\Index">
      <UniqueIdentifier>{2a09f098-c246-4c88-932f-e84066c8091e}</UniqueIdentifier>
    </Filter>
    <Filter Include="Rendering\Buffer\Base">
      <UniqueIdentifier>{278a0bce-cc59-4abc-bdad-a66da8812acf}</UniqueIdentifier>
    </Filter>
    <Filter Include="Rendering\Buffer\Const">
      <UniqueIdentifier>{5c662be9-b4ec-48ba-b4a5-07afec60f564}</UniqueIdentifier>
    </Filter>
    <Filter Include="Rendering\Material">
      <UniqueIdentifier>{461185e9-e09e-4c7f-a471-f44b82505590}</UniqueIdentifier>
    </Filter>
    <Filter Include="Rendering\Mesh">
      <UniqueIdentifier>{1965c25e-0900-4307-8fd5-6e2d99f4a8e9}</UniqueIdentifier>
    </Filter>
    <Filter Include="Rendering\Shader">
      <UniqueIdentifier>{dd71d5db-b9ce-42d8-9985-8a7060b13054}</UniqueIdentifier>
    </Filter>
    <Filter Include="Rendering\Shader\Pixel">
      <UniqueIdentifier>{c9c99ffc-afaa-4030-96a2-fa42d5150698}</UniqueIdentifier>
    </Filter>
    <Filter Include="Rendering\Shader\Vertex">
      <UniqueIdentifier>{e0c47a67-31e3-4c81-b6ac-50ad293c1ef9}</UniqueIdentifier>
    </Filter>
    <Filter Include="Rendering\Texture">
      <UniqueIdentifier>{227d4182-a43f-482c-ac9a-59e0c44b2e7e}</UniqueIdentifier>
    </Filter>
    <Filter Include="Utility\DirectoryManager">
      <UniqueIdentifier>{580b678e-d3aa-4d3d-9594-f3ac230ce303}</UniqueIdentifier>
    </Filter>
    <Filter Include="Rendering\Mesh\Filter">
      <UniqueIdentifier>{78b434e8-6efe-4814-87bc-77dfc8601350}</UniqueIdentifier>
    </Filter>
    <Filter Include="Rendering\Mesh\Renderer">
      <UniqueIdentifier>{2a7e15a3-7ad8-463a-9f3d-0a34cd6fe05b}</UniqueIdentifier>
    </Filter>
    <Filter Include="Rendering\Manager">
      <UniqueIdentifier>{2bb07164-6800-4a02-8eb8-eb09a7a69905}</UniqueIdentifier>
    </Filter>
    <Filter Include="Rendering\Light\Culling">
      <UniqueIdentifier>{5b2b7db7-a318-4ee5-9c16-72a2f5d389c2}</UniqueIdentifier>
    </Filter>
    <Filter Include="Rendering\Material\Manager">
      <UniqueIdentifier>{e950756f-4523-4bfc-a83a-af927368490a}</UniqueIdentifier>
    </Filter>
    <Filter Include="Rendering\Material\PhysicallyBased">
      <UniqueIdentifier>{ff42acfc-3419-4873-a9d5-dcfb38cf7f0f}</UniqueIdentifier>
    </Filter>
    <Filter Include="Rendering\Shader\Geometry">
      <UniqueIdentifier>{1baa9c4c-076d-4a48-a71a-40d31c355507}</UniqueIdentifier>
    </Filter>
    <Filter Include="Rendering\Shader\Hull">
      <UniqueIdentifier>{23f16d11-8de1-4701-b20e-6ebda20d0300}</UniqueIdentifier>
    </Filter>
    <Filter Include="Rendering\Texture\DepthBuffer">
      <UniqueIdentifier>{c23368c8-5248-4b98-b28e-11cdd0464c96}</UniqueIdentifier>
    </Filter>
    <Filter Include="Rendering\Camera\Manager">
      <UniqueIdentifier>{698483fd-551f-49f5-945d-9e0e6a752d39}</UniqueIdentifier>
    </Filter>
    <Filter Include="UI">
      <UniqueIdentifier>{f641d90e-a254-439b-b0fe-8664cfdc73c3}</UniqueIdentifier>
    </Filter>
    <Filter Include="UI\SimpleImage2D">
      <UniqueIdentifier>{00c0f520-6339-4726-a1cf-944acff16bc6}</UniqueIdentifier>
    </Filter>
    <Filter Include="UI\Camera">
      <UniqueIdentifier>{e014fcf4-f641-4251-9ec3-34769bd8ea58}</UniqueIdentifier>
    </Filter>
    <Filter Include="UI\Manager">
      <UniqueIdentifier>{622565aa-3fed-4d01-b2ed-f5689d85700c}</UniqueIdentifier>
    </Filter>
    <Filter Include="UI\Object">
      <UniqueIdentifier>{1b752101-7811-49c0-8df2-2694c24813d0}</UniqueIdentifier>
    </Filter>
    <Filter Include="Sound">
      <UniqueIdentifier>{7c4fca20-1657-4c59-9f92-78800621e876}</UniqueIdentifier>
    </Filter>
    <Filter Include="UI\Text">
      <UniqueIdentifier>{e3ad2669-43d4-46f8-9026-f168354a386a}</UniqueIdentifier>
    </Filter>
    <Filter Include="ResourceManager">
      <UniqueIdentifier>{17e22084-e070-4576-bfe4-0ee1f8859e32}</UniqueIdentifier>
    </Filter>
    <Filter Include="Rendering\Light\Lights">
      <UniqueIdentifier>{23fe0e64-3f4f-439d-bbb3-52423acd04f3}</UniqueIdentifier>
    </Filter>
    <Filter Include="Rendering\Light\Lights\Form">
      <UniqueIdentifier>{998b8141-2ab9-4494-80ba-348a67ce642f}</UniqueIdentifier>
    </Filter>
    <Filter Include="Rendering\Light\Manager">
      <UniqueIdentifier>{a9f4309a-bb67-4a5b-9eaa-156283bafa29}</UniqueIdentifier>
    </Filter>
    <Filter Include="Rendering\Light\Lights\Directional">
      <UniqueIdentifier>{c5badaf2-4dbd-412f-a2de-f4e175d49387}</UniqueIdentifier>
    </Filter>
    <Filter Include="Rendering\Light\Lights\Point">
      <UniqueIdentifier>{ad4cf11d-cb3d-4d26-9852-a25a393152ab}</UniqueIdentifier>
    </Filter>
    <Filter Include="Rendering\Light\Lights\Spot">
      <UniqueIdentifier>{217364df-5f7c-4465-b62d-274758ea8bb2}</UniqueIdentifier>
    </Filter>
    <Filter Include="Rendering\Camera\CameraForm">
      <UniqueIdentifier>{72517065-541d-462c-9334-c409a8494fe3}</UniqueIdentifier>
    </Filter>
    <Filter Include="Rendering\Shader\Manager">
      <UniqueIdentifier>{3487cdc5-5d70-428c-8d14-ef81a680dde5}</UniqueIdentifier>
    </Filter>
    <Filter Include="Rendering\Shader\Macro">
      <UniqueIdentifier>{65f2ac00-35fe-41f7-9abd-803503957b11}</UniqueIdentifier>
    </Filter>
    <Filter Include="ShaderCodes">
      <UniqueIdentifier>{877cecda-6dde-4a84-8f71-3e96cf36edd6}</UniqueIdentifier>
    </Filter>
    <Filter Include="ShaderCodes\UI">
      <UniqueIdentifier>{6809cf50-2eae-4027-9b0a-25acc6f06b09}</UniqueIdentifier>
    </Filter>
    <Filter Include="Rendering\Buffer\ShaderResource">
      <UniqueIdentifier>{8dd9a6a6-33d6-4f65-920c-3801c361ef8e}</UniqueIdentifier>
    </Filter>
    <Filter Include="ShaderCodes\PostProcessing">
      <UniqueIdentifier>{6011665d-b1bc-4f5e-a4f6-e678b5d4ab72}</UniqueIdentifier>
    </Filter>
    <Filter Include="Rendering\PostProcessing">
      <UniqueIdentifier>{55580f24-0c71-4ae2-976e-03db37c7d307}</UniqueIdentifier>
    </Filter>
    <Filter Include="Rendering\Shading">
      <UniqueIdentifier>{ca3d40b4-c7af-48a7-a91f-a479d482217a}</UniqueIdentifier>
    </Filter>
    <Filter Include="Rendering\Shading\Deferred">
      <UniqueIdentifier>{dcc2e9b3-5779-404b-906d-95bb3d0f637b}</UniqueIdentifier>
    </Filter>
    <Filter Include="Rendering\Shading\Deferred\MainRT">
      <UniqueIdentifier>{e5ae4add-57a7-442a-98b8-69a442355779}</UniqueIdentifier>
    </Filter>
    <Filter Include="ShaderCodes\Deferred">
      <UniqueIdentifier>{6234f508-e009-42cc-9ea1-e5a0603b5720}</UniqueIdentifier>
    </Filter>
    <Filter Include="Rendering\Shader\Form">
      <UniqueIdentifier>{76c609d7-2300-44b4-83e6-d5e0dd6f981c}</UniqueIdentifier>
    </Filter>
    <Filter Include="Rendering\PostProcessing\FullScreen">
      <UniqueIdentifier>{4916d140-66c0-4481-a48e-04eb03dedbf2}</UniqueIdentifier>
    </Filter>
    <Filter Include="Rendering\PostProcessing\BackBufferMaker">
      <UniqueIdentifier>{6dc42fd7-ce2d-4f11-8bb2-7ba4c8f7b85b}</UniqueIdentifier>
    </Filter>
    <Filter Include="Rendering\Texture\Manager">
      <UniqueIdentifier>{3439f999-db4a-4c0d-860a-6e71210e8d2b}</UniqueIdentifier>
    </Filter>
    <Filter Include="ShaderCodes\Mesh">
      <UniqueIdentifier>{85de1ee0-7e07-4f7e-8b4a-ef117da465b2}</UniqueIdentifier>
    </Filter>
    <Filter Include="ShaderCodes\Mesh\GBuffer">
      <UniqueIdentifier>{88135b69-cc45-4b5e-bf31-e2b4d4387614}</UniqueIdentifier>
    </Filter>
    <Filter Include="Rendering\Shadow">
      <UniqueIdentifier>{a083a166-2c43-42f8-bbe5-9916c27883c3}</UniqueIdentifier>
    </Filter>
    <Filter Include="Rendering\Camera\MeshCamera">
      <UniqueIdentifier>{cffe85ab-ef84-402f-9f7d-eaf5a0137aad}</UniqueIdentifier>
    </Filter>
    <Filter Include="Rendering\Shadow\Lights">
      <UniqueIdentifier>{fabde663-207d-477e-890b-c88927bae3ea}</UniqueIdentifier>
    </Filter>
    <Filter Include="Rendering\Shadow\Lights\Common">
      <UniqueIdentifier>{32d455bd-e841-473a-9a78-b729fdb75e51}</UniqueIdentifier>
    </Filter>
    <Filter Include="Rendering\Shadow\Lights\Point">
      <UniqueIdentifier>{850340ff-7360-48c4-b501-6b2797da6c97}</UniqueIdentifier>
    </Filter>
    <Filter Include="Rendering\Shadow\Lights\Spot">
      <UniqueIdentifier>{e2940c66-18d0-4bdb-9b71-a347a670fe83}</UniqueIdentifier>
    </Filter>
    <Filter Include="Rendering\Shadow\Lights\Directional">
      <UniqueIdentifier>{48e82b62-2502-4c74-aa22-d1e25aacb9ac}</UniqueIdentifier>
    </Filter>
    <Filter Include="ShaderCodes\Mesh\Forward">
      <UniqueIdentifier>{28b67952-e491-4f4b-a70b-59b3aeb30dd7}</UniqueIdentifier>
    </Filter>
    <Filter Include="Rendering\Texture\2D">
      <UniqueIdentifier>{72b1e4ce-4715-471a-bb17-73f085bb39e3}</UniqueIdentifier>
    </Filter>
    <Filter Include="Rendering\Texture\3D">
      <UniqueIdentifier>{c51e7192-d4a6-4e3f-b061-bd0c1e25c5f9}</UniqueIdentifier>
    </Filter>
    <Filter Include="Rendering\GI">
      <UniqueIdentifier>{4647d23c-888a-4437-8494-0c5590f10ab2}</UniqueIdentifier>
    </Filter>
    <Filter Include="ShaderCodes\GI">
      <UniqueIdentifier>{458642cf-7258-4b53-badc-db83cde099ec}</UniqueIdentifier>
    </Filter>
    <Filter Include="ShaderCodes\GI\Voxelization">
      <UniqueIdentifier>{760adfc1-f8db-4f1e-9bb7-8bc52b68c99d}</UniqueIdentifier>
    </Filter>
    <Filter Include="Rendering\View">
      <UniqueIdentifier>{ba3e0d02-2ba3-47b2-9cda-88bfcf2971da}</UniqueIdentifier>
    </Filter>
    <Filter Include="Rendering\Texture\Form">
      <UniqueIdentifier>{135e4c06-a80b-4ca5-ada3-58ccb515a777}</UniqueIdentifier>
    </Filter>
    <Filter Include="Rendering\Texture\RenderTexture">
      <UniqueIdentifier>{6fa92e23-53e2-4d85-841c-f8aa7918404d}</UniqueIdentifier>
    </Filter>
    <Filter Include="ShaderCodes\GI\Injection">
      <UniqueIdentifier>{ab0df45f-e663-4d93-ab6b-cbde48b9c2c8}</UniqueIdentifier>
    </Filter>
    <Filter Include="ShaderCodes\Light">
      <UniqueIdentifier>{ff502500-e60a-415f-9c54-299247ef8fd6}</UniqueIdentifier>
    </Filter>
    <Filter Include="ShaderCodes\Light\Culling">
      <UniqueIdentifier>{31b907a7-1731-4178-9be4-2fe8dc42cad3}</UniqueIdentifier>
    </Filter>
    <Filter Include="ShaderCodes\Light\Culling\Header">
      <UniqueIdentifier>{3a248504-a1be-452d-988d-d799f1dbd0bd}</UniqueIdentifier>
    </Filter>
    <Filter Include="ShaderCodes\Common">
      <UniqueIdentifier>{46a47092-08bd-4611-b92f-83faacd950c9}</UniqueIdentifier>
    </Filter>
    <Filter Include="ShaderCodes\Material">
      <UniqueIdentifier>{9686e886-aa0a-4938-9a90-b1d89d9b7043}</UniqueIdentifier>
    </Filter>
    <Filter Include="ShaderCodes\GI\Mipmap">
      <UniqueIdentifier>{c35e51b1-b524-4464-a88c-1a006aa68334}</UniqueIdentifier>
    </Filter>
    <Filter Include="ShaderCodes\GI\VoxelConeTracing">
      <UniqueIdentifier>{6ed013a4-960b-4c44-81f3-b8eeae387843}</UniqueIdentifier>
    </Filter>
    <Filter Include="Rendering\GI\Voxelization">
      <UniqueIdentifier>{549cee6d-9f90-49f7-b2b6-b251a5f894b8}</UniqueIdentifier>
    </Filter>
    <Filter Include="Rendering\GI\Voxelization\VoxelMap">
      <UniqueIdentifier>{4cd1dcb1-a913-4b3e-b882-24c10aa846ee}</UniqueIdentifier>
    </Filter>
    <Filter Include="ShaderCodes\Mesh\Forward\Optional">
      <UniqueIdentifier>{564367f1-bf44-44c4-9bbd-7e172dc0c697}</UniqueIdentifier>
    </Filter>
    <Filter Include="ShaderCodes\Shadow">
      <UniqueIdentifier>{63258c7e-291c-4190-b898-34eabb518bf0}</UniqueIdentifier>
    </Filter>
    <Filter Include="Rendering\GI\Injection">
      <UniqueIdentifier>{17510d26-381a-4872-83f6-91ff0571b093}</UniqueIdentifier>
    </Filter>
    <Filter Include="Rendering\GI\Injection\Lights">
      <UniqueIdentifier>{d5afa70b-b207-4b33-b387-11f38e0da566}</UniqueIdentifier>
    </Filter>
    <Filter Include="Rendering\GI\Injection\Lights\Point">
      <UniqueIdentifier>{9af92980-8765-490e-ad1b-08f8fe82980c}</UniqueIdentifier>
    </Filter>
    <Filter Include="Rendering\GI\Injection\Lights\Spot">
      <UniqueIdentifier>{15dd8ab0-ec1d-4426-a943-52343aada496}</UniqueIdentifier>
    </Filter>
    <Filter Include="Rendering\GI\Mipmap">
      <UniqueIdentifier>{11ee3144-445e-4332-a272-c241d95ebcd4}</UniqueIdentifier>
    </Filter>
    <Filter Include="Rendering\GI\VoxelConeTracing">
      <UniqueIdentifier>{ceba6f59-37a2-40b6-8f7d-3d55c0c64d04}</UniqueIdentifier>
    </Filter>
    <Filter Include="ShaderCodes\GI\Voxelization\Clear">
      <UniqueIdentifier>{bbd6abee-6df7-4926-a831-ab67af13f2a5}</UniqueIdentifier>
    </Filter>
    <Filter Include="Rendering\GI\Debug">
      <UniqueIdentifier>{0e5095af-568b-402b-bb18-56577dd22a08}</UniqueIdentifier>
    </Filter>
    <Filter Include="Rendering\GI\Debug\VoxelViewer">
      <UniqueIdentifier>{edb207c4-6040-4741-bf50-fd2545f14159}</UniqueIdentifier>
    </Filter>
    <Filter Include="ShaderCodes\GI\Debug">
      <UniqueIdentifier>{f436679a-a7b1-48c8-901b-76271f7ae05a}</UniqueIdentifier>
    </Filter>
    <Filter Include="Rendering\Buffer\CPURead">
      <UniqueIdentifier>{849d23c7-d827-4bd0-b5b3-73a31080cedf}</UniqueIdentifier>
    </Filter>
    <Filter Include="Rendering\Sky">
      <UniqueIdentifier>{c8f26fa2-2e51-4a87-a5d4-b164b926585b}</UniqueIdentifier>
    </Filter>
    <Filter Include="Rendering\Mesh\BasicGeometryGenerator">
      <UniqueIdentifier>{9ef1bbf1-d189-45c6-895b-7da79b40b373}</UniqueIdentifier>
    </Filter>
    <Filter Include="ShaderCodes\Sky">
      <UniqueIdentifier>{e9b307de-8291-41c2-a22a-183cf29d8761}</UniqueIdentifier>
    </Filter>
    <Filter Include="ShaderCodes\Enviroment">
      <UniqueIdentifier>{8ea1ed8e-5a25-4d0a-9afb-945278292a5d}</UniqueIdentifier>
    </Filter>
    <Filter Include="Rendering\Sky\SkyMesh">
      <UniqueIdentifier>{bef08373-3505-48b5-8fb7-309358cfb9ad}</UniqueIdentifier>
    </Filter>
    <Filter Include="Rendering\Sky\SkyMesh\Box">
      <UniqueIdentifier>{4f0d5449-2436-4c6b-9cf7-a09d5511aef2}</UniqueIdentifier>
    </Filter>
    <Filter Include="Rendering\Sky\SkyMesh\Box\Material">
      <UniqueIdentifier>{ce7a339b-e61e-47df-8e09-66a2c884fce8}</UniqueIdentifier>
    </Filter>
    <Filter Include="Rendering\PostProcessing\IBLPass">
      <UniqueIdentifier>{9e86ae1b-2019-4d0e-8642-14184be81489}</UniqueIdentifier>
    </Filter>
    <Filter Include="Rendering\PostProcessing\Pipeline">
      <UniqueIdentifier>{9e3297c2-10b7-4e88-b305-0493465d1543}</UniqueIdentifier>
    </Filter>
    <Filter Include="Rendering\Texture\Cube">
      <UniqueIdentifier>{402a4b81-b705-4e33-a781-f9e77c82098b}</UniqueIdentifier>
    </Filter>
    <Filter Include="Rendering\Camera\ReflectionProbe">
      <UniqueIdentifier>{3f0fa944-721d-409b-b93a-ac83601ea28a}</UniqueIdentifier>
    </Filter>
    <Filter Include="ShaderCodes\Mesh\ReflectionProbe">
      <UniqueIdentifier>{b9561eae-b548-4a58-bc0f-d6bf69654cae}</UniqueIdentifier>
    </Filter>
    <Filter Include="ShaderCodes\Mesh\ReflectionProbe\Optional">
      <UniqueIdentifier>{82578e9c-1654-4316-8492-14fdb400f0bb}</UniqueIdentifier>
    </Filter>
    <Filter Include="Rendering\Precompute">
      <UniqueIdentifier>{e969a8ce-13cf-426e-8195-6e305a61e4a9}</UniqueIdentifier>
    </Filter>
    <Filter Include="Rendering\PostProcessing\Blur">
      <UniqueIdentifier>{87d68259-936e-4dae-8794-e669da81fa26}</UniqueIdentifier>
    </Filter>
    <Filter Include="Rendering\PostProcessing\Blur\GaussianBlur">
      <UniqueIdentifier>{b0e9959c-96ff-4c8f-b791-a417e3df0b4a}</UniqueIdentifier>
    </Filter>
    <Filter Include="Rendering\PostProcessing\Blur\BilateralFiltering">
      <UniqueIdentifier>{bd165714-ee75-474d-8b6c-eb70919dbff2}</UniqueIdentifier>
    </Filter>
    <Filter Include="ShaderCodes\PostProcessing\Blur">
      <UniqueIdentifier>{0ae09155-161e-4958-aea5-08e6de68ac9c}</UniqueIdentifier>
    </Filter>
    <Filter Include="ShaderCodes\PostProcessing\OffScreen">
      <UniqueIdentifier>{8daedb35-3af9-46cf-b985-e132c855f3c1}</UniqueIdentifier>
    </Filter>
    <Filter Include="ShaderCodes\PostProcessing\SSLR">
      <UniqueIdentifier>{a2b3598f-2788-4712-a35d-4b5807682904}</UniqueIdentifier>
    </Filter>
    <Filter Include="Rendering\PostProcessing\SSLR">
      <UniqueIdentifier>{6cb87d24-47f5-4ef9-b79d-29a676357853}</UniqueIdentifier>
    </Filter>
    <Filter Include="Rendering\PostProcessing\SSLR\RayTracing">
      <UniqueIdentifier>{19aa1abb-5843-4818-8ca3-beb39df39dde}</UniqueIdentifier>
    </Filter>
    <Filter Include="Rendering\PostProcessing\SSLR\ConeTracing">
      <UniqueIdentifier>{261ab9af-d818-4990-890f-3655c490b4d4}</UniqueIdentifier>
    </Filter>
    <Filter Include="Rendering\PostProcessing\LightShaft">
      <UniqueIdentifier>{fe83b8b8-e566-4af2-bf9e-34573e960353}</UniqueIdentifier>
    </Filter>
    <Filter Include="ShaderCodes\PostProcessing\HDR">
      <UniqueIdentifier>{b26a2f9e-6965-4e63-bf4d-4672d7179754}</UniqueIdentifier>
    </Filter>
    <Filter Include="Rendering\PostProcessing\DepthOfField">
      <UniqueIdentifier>{fb9bce2b-c482-4a80-a359-5380db05b883}</UniqueIdentifier>
    </Filter>
    <Filter Include="ShaderCodes\PostProcessing\AO">
      <UniqueIdentifier>{59d6eae8-f719-43fa-9378-b85ae37d65f6}</UniqueIdentifier>
    </Filter>
    <Filter Include="Rendering\PostProcessing\SSAO">
      <UniqueIdentifier>{a442ed21-8aa6-4292-846b-d8ecbebb4281}</UniqueIdentifier>
    </Filter>
    <Filter Include="Rendering\Sky\Scattering">
      <UniqueIdentifier>{18299b10-3513-4d34-ac52-b8ffe9cc4b3a}</UniqueIdentifier>
    </Filter>
  </ItemGroup>
  <ItemGroup>
    <ClInclude Include="Common\Common.h">
      <Filter>Common</Filter>
    </ClInclude>
    <ClInclude Include="Core\Scene\Scene.h">
      <Filter>Core\Scene</Filter>
    </ClInclude>
    <ClInclude Include="Core\Component\Component.h">
      <Filter>Core\Component</Filter>
    </ClInclude>
    <ClInclude Include="Core\Object\Object.h">
      <Filter>Core\Object</Filter>
    </ClInclude>
    <ClInclude Include="Core\Transform\Transform.h">
      <Filter>Core\Transform</Filter>
    </ClInclude>
    <ClInclude Include="Structure\Structure.h">
      <Filter>Structure</Filter>
    </ClInclude>
    <ClInclude Include="Math\EngineMath.h">
      <Filter>Math</Filter>
    </ClInclude>
    <ClInclude Include="Math\MathCommon.h">
      <Filter>Math\Common</Filter>
    </ClInclude>
    <ClInclude Include="Math\Vector4.h">
      <Filter>Math\Vector\Vector4</Filter>
    </ClInclude>
    <ClInclude Include="Math\Vector2.h">
      <Filter>Math\Vector\Vector2</Filter>
    </ClInclude>
    <ClInclude Include="Math\Vector3.h">
      <Filter>Math\Vector\Vector3</Filter>
    </ClInclude>
    <ClInclude Include="Math\Matrix.h">
      <Filter>Math\Matrix</Filter>
    </ClInclude>
    <ClInclude Include="Math\Plane.h">
      <Filter>Math\Plane</Filter>
    </ClInclude>
    <ClInclude Include="Math\Quaternion.h">
      <Filter>Math\Quaternion</Filter>
    </ClInclude>
    <ClInclude Include="Math\Rect.h">
      <Filter>Math\Rect</Filter>
    </ClInclude>
    <ClInclude Include="Math\Size.h">
      <Filter>Math\Rect</Filter>
    </ClInclude>
    <ClInclude Include="Rendering\Color\Color.h">
      <Filter>Rendering\Color</Filter>
    </ClInclude>
    <ClInclude Include="Core\Time\Timer.h">
      <Filter>Core\Time</Filter>
    </ClInclude>
    <ClInclude Include="Structure\Singleton.h">
      <Filter>Structure</Filter>
    </ClInclude>
    <ClInclude Include="Intersection\Cone.h">
      <Filter>Intersection</Filter>
    </ClInclude>
    <ClInclude Include="Intersection\Intersection.h">
      <Filter>Intersection</Filter>
    </ClInclude>
    <ClInclude Include="Intersection\Ray.h">
      <Filter>Intersection</Filter>
    </ClInclude>
    <ClInclude Include="Intersection\Sphere.h">
      <Filter>Intersection</Filter>
    </ClInclude>
    <ClInclude Include="Rendering\Buffer\VertexBuffer.h">
      <Filter>Rendering\Buffer\Vertex</Filter>
    </ClInclude>
    <ClInclude Include="Rendering\Buffer\IndexBuffer.h">
      <Filter>Rendering\Buffer\Index</Filter>
    </ClInclude>
    <ClInclude Include="Rendering\Buffer\BaseBuffer.h">
      <Filter>Rendering\Buffer\Base</Filter>
    </ClInclude>
    <ClInclude Include="Rendering\Mesh\Mesh.h">
      <Filter>Rendering\Mesh</Filter>
    </ClInclude>
    <ClInclude Include="Utility\Utility.h">
      <Filter>Utility</Filter>
    </ClInclude>
    <ClInclude Include="Rendering\Material\Material.h">
      <Filter>Rendering\Material</Filter>
    </ClInclude>
    <ClInclude Include="Rendering\Buffer\ConstBuffer.h">
      <Filter>Rendering\Buffer\Const</Filter>
    </ClInclude>
    <ClInclude Include="Importer\ImporterUtility.h">
      <Filter>Importer\Utility</Filter>
    </ClInclude>
    <ClInclude Include="Importer\MeshImporter.h">
      <Filter>Importer</Filter>
    </ClInclude>
    <ClInclude Include="Rendering\Buffer\BufferManager.h">
      <Filter>Rendering\Buffer</Filter>
    </ClInclude>
    <ClInclude Include="Structure\MapInMap.h">
      <Filter>Structure</Filter>
    </ClInclude>
    <ClInclude Include="Rendering\Shader\EngineShaderFactory.hpp">
      <Filter>Rendering\Shader</Filter>
    </ClInclude>
    <ClInclude Include="Rendering\Shader\PixelShader.h">
      <Filter>Rendering\Shader\Pixel</Filter>
    </ClInclude>
    <ClInclude Include="Rendering\Shader\VertexShader.h">
      <Filter>Rendering\Shader\Vertex</Filter>
    </ClInclude>
    <ClInclude Include="Rendering\Shader\ShaderManager.h">
      <Filter>Rendering\Shader\Manager</Filter>
    </ClInclude>
    <ClInclude Include="GPGPU\ComputeShader.h">
      <Filter>GPGPU\DirectCompute</Filter>
    </ClInclude>
    <ClInclude Include="Device\Director.h">
      <Filter>Device\Director</Filter>
    </ClInclude>
    <ClInclude Include="Device\DirectX.h">
      <Filter>Device\DirectX</Filter>
    </ClInclude>
    <ClInclude Include="Device\Win32.h">
      <Filter>Device\Win32</Filter>
    </ClInclude>
    <ClInclude Include="Utility\DirectoryManager.h">
      <Filter>Utility\DirectoryManager</Filter>
    </ClInclude>
    <ClInclude Include="Rendering\Mesh\MeshFilter.h">
      <Filter>Rendering\Mesh\Filter</Filter>
    </ClInclude>
    <ClInclude Include="Rendering\Mesh\MeshRenderer.h">
      <Filter>Rendering\Mesh\Renderer</Filter>
    </ClInclude>
    <ClInclude Include="Rendering\RenderManager\RenderManager.h">
      <Filter>Rendering\Manager</Filter>
    </ClInclude>
    <ClInclude Include="Rendering\Light\Culling\LightCulling.h">
      <Filter>Rendering\Light\Culling</Filter>
    </ClInclude>
    <ClInclude Include="Rendering\Material\MaterialManager.h">
      <Filter>Rendering\Material\Manager</Filter>
    </ClInclude>
    <ClInclude Include="Rendering\Material\PhysicallyBasedMaterial.h">
      <Filter>Rendering\Material\PhysicallyBased</Filter>
    </ClInclude>
    <ClInclude Include="Common\Container.h">
      <Filter>Common</Filter>
    </ClInclude>
    <ClInclude Include="Rendering\Shader\GeometryShader.h">
      <Filter>Rendering\Shader\Geometry</Filter>
    </ClInclude>
    <ClInclude Include="Rendering\Shader\HullShader.h">
      <Filter>Rendering\Shader\Hull</Filter>
    </ClInclude>
    <ClInclude Include="Rendering\Shader\Shaders.h">
      <Filter>Rendering\Shader</Filter>
    </ClInclude>
    <ClInclude Include="Rendering\Texture\DepthBuffer.h">
      <Filter>Rendering\Texture\DepthBuffer</Filter>
    </ClInclude>
    <ClInclude Include="Rendering\Texture\RenderTexture.h">
      <Filter>Rendering\Texture\RenderTexture</Filter>
    </ClInclude>
    <ClInclude Include="Rendering\Texture\TextureManager.h">
      <Filter>Rendering\Texture\Manager</Filter>
    </ClInclude>
    <ClInclude Include="Rendering\Camera\CameraManager.h">
      <Filter>Rendering\Camera\Manager</Filter>
    </ClInclude>
    <ClInclude Include="UI\UICamera.h">
      <Filter>UI\Camera</Filter>
    </ClInclude>
    <ClInclude Include="UI\SimpleImage2D.h">
      <Filter>UI\SimpleImage2D</Filter>
    </ClInclude>
    <ClInclude Include="UI\UIObject.h">
      <Filter>UI\Object</Filter>
    </ClInclude>
    <ClInclude Include="UI\UIManager.h">
      <Filter>UI\Manager</Filter>
    </ClInclude>
    <ClInclude Include="Sound\SimpleSoundPlayer.h">
      <Filter>Sound</Filter>
    </ClInclude>
    <ClInclude Include="UI\SimpleText2D.h">
      <Filter>UI\Text</Filter>
    </ClInclude>
    <ClInclude Include="ResourceManager\ResourceManager.h">
      <Filter>ResourceManager</Filter>
    </ClInclude>
    <ClInclude Include="Rendering\Light\PointLight.h">
      <Filter>Rendering\Light\Lights\Point</Filter>
    </ClInclude>
    <ClInclude Include="Rendering\Light\SpotLight.h">
      <Filter>Rendering\Light\Lights\Spot</Filter>
    </ClInclude>
    <ClInclude Include="Rendering\Light\DirectionalLight.h">
      <Filter>Rendering\Light\Lights\Directional</Filter>
    </ClInclude>
    <ClInclude Include="Rendering\Light\LightForm.h">
      <Filter>Rendering\Light\Lights\Form</Filter>
    </ClInclude>
    <ClInclude Include="Rendering\Light\LightManager.h">
      <Filter>Rendering\Light\Manager</Filter>
    </ClInclude>
    <ClInclude Include="Structure\VectorMap.h">
      <Filter>Structure</Filter>
    </ClInclude>
    <ClInclude Include="Rendering\Camera\CameraForm.h">
      <Filter>Rendering\Camera\CameraForm</Filter>
    </ClInclude>
    <ClInclude Include="Rendering\Light\Lights.h">
      <Filter>Rendering\Light\Lights</Filter>
    </ClInclude>
    <ClInclude Include="Template\ShaderFactoryTemplate.hpp">
      <Filter>Template</Filter>
    </ClInclude>
    <ClInclude Include="Rendering\Shader\ShaderMacro.h">
      <Filter>Rendering\Shader\Macro</Filter>
    </ClInclude>
    <ClInclude Include="Rendering\Light\Culling\OnlyLightCulling.h">
      <Filter>Rendering\Light\Culling</Filter>
    </ClInclude>
    <ClInclude Include="Structure\VectorHashMap.h">
      <Filter>Structure</Filter>
    </ClInclude>
    <ClInclude Include="Rendering\Buffer\ShaderResourceBuffer.h">
      <Filter>Rendering\Buffer\ShaderResource</Filter>
    </ClInclude>
    <ClInclude Include="ShaderCodes\ShaderCommon.h">
      <Filter>ShaderCodes\Common</Filter>
    </ClInclude>
    <ClInclude Include="ShaderCodes\PhysicallyBased_GBuffer_Common.h">
      <Filter>ShaderCodes\Mesh\GBuffer</Filter>
    </ClInclude>
    <ClInclude Include="ShaderCodes\FullScreenShader.h">
      <Filter>ShaderCodes\PostProcessing</Filter>
    </ClInclude>
    <ClInclude Include="Rendering\Shading\OffScreen.h">
      <Filter>Rendering\Shading\Deferred\MainRT</Filter>
    </ClInclude>
    <ClInclude Include="Rendering\Shading\ShadingWithLightCulling.h">
      <Filter>Rendering\Shading\Deferred</Filter>
    </ClInclude>
    <ClInclude Include="ShaderCodes\LightCullingCommonCS.h">
      <Filter>ShaderCodes\Light\Culling\Header</Filter>
    </ClInclude>
    <ClInclude Include="ShaderCodes\LightCullingCompareAtomicCS.h">
      <Filter>ShaderCodes\Light\Culling\Header</Filter>
    </ClInclude>
    <ClInclude Include="ShaderCodes\LightCullingCompareParallelCS.h">
      <Filter>ShaderCodes\Light\Culling\Header</Filter>
    </ClInclude>
    <ClInclude Include="Rendering\Shader\ShaderForm.h">
      <Filter>Rendering\Shader\Form</Filter>
    </ClInclude>
    <ClInclude Include="Rendering\PostProcessing\FullScreen.h">
      <Filter>Rendering\PostProcessing\FullScreen</Filter>
    </ClInclude>
    <ClInclude Include="Rendering\PostProcessing\BackBufferMaker.h">
      <Filter>Rendering\PostProcessing\BackBufferMaker</Filter>
    </ClInclude>
    <ClInclude Include="Importer\G3djDataTypes.h">
      <Filter>Importer</Filter>
    </ClInclude>
    <ClInclude Include="Intersection\BoundBox.h">
      <Filter>Intersection</Filter>
    </ClInclude>
    <ClInclude Include="Rendering\Shadow\ShadowRenderer.h">
      <Filter>Rendering\Shadow</Filter>
    </ClInclude>
    <ClInclude Include="Rendering\Camera\MeshCamera.h">
      <Filter>Rendering\Camera\MeshCamera</Filter>
    </ClInclude>
    <ClInclude Include="Intersection\Frustum.h">
      <Filter>Intersection</Filter>
    </ClInclude>
    <ClInclude Include="Rendering\Shadow\ShadowCommon.h">
      <Filter>Rendering\Shadow\Lights\Common</Filter>
    </ClInclude>
    <ClInclude Include="Rendering\Shadow\DirectionalLightShadow.h">
      <Filter>Rendering\Shadow\Lights\Directional</Filter>
    </ClInclude>
    <ClInclude Include="Rendering\Shadow\PointLightShadow.h">
      <Filter>Rendering\Shadow\Lights\Point</Filter>
    </ClInclude>
    <ClInclude Include="Rendering\Shadow\SpotLightShadow.h">
      <Filter>Rendering\Shadow\Lights\Spot</Filter>
    </ClInclude>
    <ClInclude Include="ShaderCodes\PhysicallyBased_Forward_Common.h">
      <Filter>ShaderCodes\Mesh\Forward</Filter>
    </ClInclude>
    <ClInclude Include="Rendering\Texture\Texture2D.h">
      <Filter>Rendering\Texture\2D</Filter>
    </ClInclude>
    <ClInclude Include="Rendering\Texture\Texture3D.h">
      <Filter>Rendering\Texture\3D</Filter>
    </ClInclude>
    <ClInclude Include="ShaderCodes\Voxelization_Common.h">
      <Filter>ShaderCodes\GI\Voxelization</Filter>
    </ClInclude>
    <ClInclude Include="Rendering\GI\Voxelization.h">
      <Filter>Rendering\GI\Voxelization</Filter>
    </ClInclude>
    <ClInclude Include="Rendering\View\UnorderedAccessView.h">
      <Filter>Rendering\View</Filter>
    </ClInclude>
    <ClInclude Include="Rendering\View\ShaderResourceView.h">
      <Filter>Rendering\View</Filter>
    </ClInclude>
    <ClInclude Include="Rendering\Texture\TextureForm.h">
      <Filter>Rendering\Texture\Form</Filter>
    </ClInclude>
    <ClInclude Include="ShaderCodes\Injection_Common.h">
      <Filter>ShaderCodes\GI\Injection</Filter>
    </ClInclude>
    <ClInclude Include="ShaderCodes\PhysicallyBased_Common.h">
      <Filter>ShaderCodes\Material</Filter>
    </ClInclude>
    <ClInclude Include="ShaderCodes\BRDF.h">
      <Filter>ShaderCodes\Material</Filter>
    </ClInclude>
    <ClInclude Include="GlobalDefine.h" />
    <ClInclude Include="ShaderCodes\MonteCarlo.h">
      <Filter>ShaderCodes\Common</Filter>
    </ClInclude>
    <ClInclude Include="Rendering\Shading\BindIndexInfo.h">
      <Filter>Rendering\Shading</Filter>
    </ClInclude>
    <ClInclude Include="ShaderCodes\GICommon.h">
      <Filter>ShaderCodes\GI</Filter>
    </ClInclude>
    <ClInclude Include="ShaderCodes\OptionalRendering_Forward.h">
      <Filter>ShaderCodes\Mesh\Forward\Optional</Filter>
    </ClInclude>
    <ClInclude Include="ShaderCodes\DynamicLighting.h">
      <Filter>ShaderCodes\Light</Filter>
    </ClInclude>
    <ClInclude Include="Rendering\RenderManager\RenderTypes.h">
      <Filter>Rendering\Manager</Filter>
    </ClInclude>
    <ClInclude Include="ShaderCodes\Shadow.h">
      <Filter>ShaderCodes\Shadow</Filter>
    </ClInclude>
    <ClInclude Include="UI\SimpleFontLoader.h">
      <Filter>UI\Text</Filter>
    </ClInclude>
    <ClInclude Include="Rendering\GI\InjectRadiance.h">
      <Filter>Rendering\GI\Injection</Filter>
    </ClInclude>
    <ClInclude Include="Rendering\GI\InjectRadianceFromPointLIght.h">
      <Filter>Rendering\GI\Injection\Lights\Point</Filter>
    </ClInclude>
    <ClInclude Include="Rendering\GI\InjectRadianceFromSpotLIght.h">
      <Filter>Rendering\GI\Injection\Lights\Spot</Filter>
    </ClInclude>
    <ClInclude Include="ShaderCodes\TBDRInput.h">
      <Filter>ShaderCodes\Deferred</Filter>
    </ClInclude>
    <ClInclude Include="Rendering\GI\VoxelConeTracing.h">
      <Filter>Rendering\GI\VoxelConeTracing</Filter>
    </ClInclude>
    <ClInclude Include="ShaderCodes\GBufferParser.h">
      <Filter>ShaderCodes\Common</Filter>
    </ClInclude>
    <ClInclude Include="Rendering\GI\VoxelViewer.h">
      <Filter>Rendering\GI\Debug\VoxelViewer</Filter>
    </ClInclude>
    <ClInclude Include="Rendering\Buffer\CPUReadBuffer.h">
      <Filter>Rendering\Buffer\CPURead</Filter>
    </ClInclude>
    <ClInclude Include="Rendering\GI\VoxelMap.h">
      <Filter>Rendering\GI\Voxelization\VoxelMap</Filter>
    </ClInclude>
    <ClInclude Include="ShaderCodes\NormalMapping.h">
      <Filter>ShaderCodes\Material</Filter>
    </ClInclude>
    <ClInclude Include="Rendering\Mesh\BasicGeometryGenerator.h">
      <Filter>Rendering\Mesh\BasicGeometryGenerator</Filter>
    </ClInclude>
    <ClInclude Include="Rendering\Sky\SkyBoxMaterial.h">
      <Filter>Rendering\Sky\SkyMesh\Box\Material</Filter>
    </ClInclude>
    <ClInclude Include="Rendering\Sky\SkyBox.h">
      <Filter>Rendering\Sky\SkyMesh\Box</Filter>
    </ClInclude>
    <ClInclude Include="Rendering\Sky\SkyForm.h">
      <Filter>Rendering\Sky\SkyMesh</Filter>
    </ClInclude>
    <ClInclude Include="Rendering\Offline\PreIntegrateEnvBRDF.h">
      <Filter>Rendering\Precompute</Filter>
    </ClInclude>
    <ClInclude Include="ShaderCodes\EnvIBL.h">
      <Filter>ShaderCodes\Enviroment</Filter>
    </ClInclude>
    <ClInclude Include="Rendering\PostProcessing\IBLPass.h">
      <Filter>Rendering\PostProcessing\IBLPass</Filter>
    </ClInclude>
    <ClInclude Include="Rendering\PostProcessing\PostProcessPipeline.h">
      <Filter>Rendering\PostProcessing\Pipeline</Filter>
    </ClInclude>
    <ClInclude Include="Rendering\Texture\TextureCube.h">
      <Filter>Rendering\Texture\Cube</Filter>
    </ClInclude>
    <ClInclude Include="Rendering\Camera\ReflectionProbe.h">
      <Filter>Rendering\Camera\ReflectionProbe</Filter>
    </ClInclude>
    <ClInclude Include="Rendering\Texture\DepthBufferCube.h">
      <Filter>Rendering\Texture\Cube</Filter>
    </ClInclude>
    <ClInclude Include="Rendering\Camera\ReflectionProbeManager.h">
      <Filter>Rendering\Camera\Manager</Filter>
    </ClInclude>
    <ClInclude Include="ShaderCodes\ReflectionProbe_Common.h">
      <Filter>ShaderCodes\Mesh\ReflectionProbe</Filter>
    </ClInclude>
    <ClInclude Include="Rendering\Sky\SkyBoxCubeMaterial.h">
      <Filter>Rendering\Sky\SkyMesh\Box\Material</Filter>
    </ClInclude>
    <ClInclude Include="ShaderCodes\IsoscelesTriangle.h">
      <Filter>ShaderCodes\Common</Filter>
    </ClInclude>
    <ClInclude Include="Rendering\PostProcessing\BilateralFiltering.h">
      <Filter>Rendering\PostProcessing\Blur\BilateralFiltering</Filter>
    </ClInclude>
    <ClInclude Include="Rendering\PostProcessing\GaussianBlur.h">
      <Filter>Rendering\PostProcessing\Blur\GaussianBlur</Filter>
    </ClInclude>
    <ClInclude Include="ShaderCodes\RayTracingCommon.h">
      <Filter>ShaderCodes\PostProcessing\SSLR</Filter>
    </ClInclude>
    <ClInclude Include="Rendering\PostProcessing\ScreenSpaceLocalReflection.h">
      <Filter>Rendering\PostProcessing\SSLR</Filter>
    </ClInclude>
    <ClInclude Include="Rendering\PostProcessing\ScreenSpaceRayTracing.h">
      <Filter>Rendering\PostProcessing\SSLR\RayTracing</Filter>
    </ClInclude>
    <ClInclude Include="Rendering\PostProcessing\ScreenSpaceConeTracing.h">
      <Filter>Rendering\PostProcessing\SSLR\ConeTracing</Filter>
    </ClInclude>
    <ClInclude Include="Rendering\Buffer\RawBuffer.h">
      <Filter>Rendering\Buffer</Filter>
    </ClInclude>
    <ClInclude Include="Rendering\GI\VXGICommon.h">
      <Filter>Rendering\GI</Filter>
    </ClInclude>
    <ClInclude Include="Rendering\GI\VXGI.h">
      <Filter>Rendering\GI</Filter>
    </ClInclude>
    <ClInclude Include="Rendering\GI\MipmapVoxelMap.h">
      <Filter>Rendering\GI\Mipmap</Filter>
    </ClInclude>
    <ClInclude Include="ShaderCodes\SimpleImageEffect.h">
      <Filter>ShaderCodes\PostProcessing</Filter>
    </ClInclude>
    <ClInclude Include="ShaderCodes\LensFlare.h">
      <Filter>ShaderCodes\PostProcessing</Filter>
    </ClInclude>
    <ClInclude Include="Core\Transform\TransformCB.h">
      <Filter>Core\Transform</Filter>
    </ClInclude>
    <ClInclude Include="ShaderCodes\CommonConstBuffer.h">
      <Filter>ShaderCodes\Common</Filter>
    </ClInclude>
    <ClInclude Include="Rendering\PostProcessing\LightShaftManager.h">
      <Filter>Rendering\PostProcessing\LightShaft</Filter>
    </ClInclude>
    <ClInclude Include="ShaderCodes\HDRCommon.h">
      <Filter>ShaderCodes\PostProcessing\HDR</Filter>
    </ClInclude>
    <ClInclude Include="ShaderCodes\ToneMapping.h">
      <Filter>ShaderCodes\PostProcessing\HDR</Filter>
    </ClInclude>
    <ClInclude Include="Rendering\PostProcessing\DepthOfField.h">
      <Filter>Rendering\PostProcessing\DepthOfField</Filter>
    </ClInclude>
    <ClInclude Include="Rendering\PostProcessing\SSAO.h">
      <Filter>Rendering\PostProcessing\SSAO</Filter>
    </ClInclude>
    <ClInclude Include="Rendering\Sky\SkyScattering.h">
      <Filter>Rendering\Sky\Scattering</Filter>
    </ClInclude>
  </ItemGroup>
  <ItemGroup>
    <ClCompile Include="Core\Scene\Scene.cpp">
      <Filter>Core\Scene</Filter>
    </ClCompile>
    <ClCompile Include="Core\Component\Component.cpp">
      <Filter>Core\Component</Filter>
    </ClCompile>
    <ClCompile Include="Core\Object\Object.cpp">
      <Filter>Core\Object</Filter>
    </ClCompile>
    <ClCompile Include="Core\Transform\Transform.cpp">
      <Filter>Core\Transform</Filter>
    </ClCompile>
    <ClCompile Include="Math\MathCommon.cpp">
      <Filter>Math\Common</Filter>
    </ClCompile>
    <ClCompile Include="Math\Vector4.cpp">
      <Filter>Math\Vector\Vector4</Filter>
    </ClCompile>
    <ClCompile Include="Math\Vector2.cpp">
      <Filter>Math\Vector\Vector2</Filter>
    </ClCompile>
    <ClCompile Include="Math\Vector3.cpp">
      <Filter>Math\Vector\Vector3</Filter>
    </ClCompile>
    <ClCompile Include="Math\Matrix.cpp">
      <Filter>Math\Matrix</Filter>
    </ClCompile>
    <ClCompile Include="Math\Plane.cpp">
      <Filter>Math\Plane</Filter>
    </ClCompile>
    <ClCompile Include="Math\Quaternion.cpp">
      <Filter>Math\Quaternion</Filter>
    </ClCompile>
    <ClCompile Include="Rendering\Color\Color.cpp">
      <Filter>Rendering\Color</Filter>
    </ClCompile>
    <ClCompile Include="Core\Time\Timer.cpp">
      <Filter>Core\Time</Filter>
    </ClCompile>
    <ClCompile Include="Intersection\Cone.cpp">
      <Filter>Intersection</Filter>
    </ClCompile>
    <ClCompile Include="Intersection\Ray.cpp">
      <Filter>Intersection</Filter>
    </ClCompile>
    <ClCompile Include="Intersection\Sphere.cpp">
      <Filter>Intersection</Filter>
    </ClCompile>
    <ClCompile Include="Rendering\Buffer\VertexBuffer.cpp">
      <Filter>Rendering\Buffer\Vertex</Filter>
    </ClCompile>
    <ClCompile Include="Rendering\Buffer\IndexBuffer.cpp">
      <Filter>Rendering\Buffer\Index</Filter>
    </ClCompile>
    <ClCompile Include="Rendering\Buffer\BaseBuffer.cpp">
      <Filter>Rendering\Buffer\Base</Filter>
    </ClCompile>
    <ClCompile Include="Rendering\Mesh\Mesh.cpp">
      <Filter>Rendering\Mesh</Filter>
    </ClCompile>
    <ClCompile Include="Rendering\Material\Material.cpp">
      <Filter>Rendering\Material</Filter>
    </ClCompile>
    <ClCompile Include="Rendering\Buffer\ConstBuffer.cpp">
      <Filter>Rendering\Buffer\Const</Filter>
    </ClCompile>
    <ClCompile Include="Importer\ImporterUtility.cpp">
      <Filter>Importer\Utility</Filter>
    </ClCompile>
    <ClCompile Include="Importer\MeshImporter.cpp">
      <Filter>Importer</Filter>
    </ClCompile>
    <ClCompile Include="Rendering\Buffer\BufferManager.cpp">
      <Filter>Rendering\Buffer</Filter>
    </ClCompile>
    <ClCompile Include="Rendering\Shader\PixelShader.cpp">
      <Filter>Rendering\Shader\Pixel</Filter>
    </ClCompile>
    <ClCompile Include="Rendering\Shader\VertexShader.cpp">
      <Filter>Rendering\Shader\Vertex</Filter>
    </ClCompile>
    <ClCompile Include="Rendering\Shader\ShaderManager.cpp">
      <Filter>Rendering\Shader\Manager</Filter>
    </ClCompile>
    <ClCompile Include="GPGPU\ComputeShader.cpp">
      <Filter>GPGPU\DirectCompute</Filter>
    </ClCompile>
    <ClCompile Include="Device\Director.cpp">
      <Filter>Device\Director</Filter>
    </ClCompile>
    <ClCompile Include="Device\DirectX.cpp">
      <Filter>Device\DirectX</Filter>
    </ClCompile>
    <ClCompile Include="Device\Win32.cpp">
      <Filter>Device\Win32</Filter>
    </ClCompile>
    <ClCompile Include="Utility\DirectoryManager.cpp">
      <Filter>Utility\DirectoryManager</Filter>
    </ClCompile>
    <ClCompile Include="Rendering\Mesh\MeshFilter.cpp">
      <Filter>Rendering\Mesh\Filter</Filter>
    </ClCompile>
    <ClCompile Include="Rendering\Mesh\MeshRenderer.cpp">
      <Filter>Rendering\Mesh\Renderer</Filter>
    </ClCompile>
    <ClCompile Include="Rendering\RenderManager\RenderManager.cpp">
      <Filter>Rendering\Manager</Filter>
    </ClCompile>
    <ClCompile Include="Rendering\Light\Culling\LightCulling.cpp">
      <Filter>Rendering\Light\Culling</Filter>
    </ClCompile>
    <ClCompile Include="Rendering\Material\MaterialManager.cpp">
      <Filter>Rendering\Material\Manager</Filter>
    </ClCompile>
    <ClCompile Include="Rendering\Material\PhysicallyBasedMaterial.cpp">
      <Filter>Rendering\Material\PhysicallyBased</Filter>
    </ClCompile>
    <ClCompile Include="Rendering\Shader\GeometryShader.cpp">
      <Filter>Rendering\Shader\Geometry</Filter>
    </ClCompile>
    <ClCompile Include="Rendering\Shader\HullShader.cpp">
      <Filter>Rendering\Shader\Hull</Filter>
    </ClCompile>
    <ClCompile Include="Rendering\Texture\DepthBuffer.cpp">
      <Filter>Rendering\Texture\DepthBuffer</Filter>
    </ClCompile>
    <ClCompile Include="Rendering\Texture\RenderTexture.cpp">
      <Filter>Rendering\Texture\RenderTexture</Filter>
    </ClCompile>
    <ClCompile Include="Rendering\Texture\TextureManager.cpp">
      <Filter>Rendering\Texture\Manager</Filter>
    </ClCompile>
    <ClCompile Include="Rendering\Camera\CameraManager.cpp">
      <Filter>Rendering\Camera\Manager</Filter>
    </ClCompile>
    <ClCompile Include="UI\UICamera.cpp">
      <Filter>UI\Camera</Filter>
    </ClCompile>
    <ClCompile Include="UI\SimpleImage2D.cpp">
      <Filter>UI\SimpleImage2D</Filter>
    </ClCompile>
    <ClCompile Include="UI\UIObject.cpp">
      <Filter>UI\Object</Filter>
    </ClCompile>
    <ClCompile Include="UI\UIManager.cpp">
      <Filter>UI\Manager</Filter>
    </ClCompile>
    <ClCompile Include="Sound\SimpleSoundPlayer.cpp">
      <Filter>Sound</Filter>
    </ClCompile>
    <ClCompile Include="UI\SimpleText2D.cpp">
      <Filter>UI\Text</Filter>
    </ClCompile>
    <ClCompile Include="ResourceManager\ResourceManager.cpp">
      <Filter>ResourceManager</Filter>
    </ClCompile>
    <ClCompile Include="Rendering\Light\PointLight.cpp">
      <Filter>Rendering\Light\Lights\Point</Filter>
    </ClCompile>
    <ClCompile Include="Rendering\Light\SpotLight.cpp">
      <Filter>Rendering\Light\Lights\Spot</Filter>
    </ClCompile>
    <ClCompile Include="Rendering\Light\DirectionalLight.cpp">
      <Filter>Rendering\Light\Lights\Directional</Filter>
    </ClCompile>
    <ClCompile Include="Rendering\Light\LightForm.cpp">
      <Filter>Rendering\Light\Lights\Form</Filter>
    </ClCompile>
    <ClCompile Include="Rendering\Light\LightManager.cpp">
      <Filter>Rendering\Light\Manager</Filter>
    </ClCompile>
    <ClCompile Include="Rendering\Camera\CameraForm.cpp">
      <Filter>Rendering\Camera\CameraForm</Filter>
    </ClCompile>
    <ClCompile Include="Rendering\Shader\ShaderMacro.cpp">
      <Filter>Rendering\Shader\Macro</Filter>
    </ClCompile>
    <ClCompile Include="Rendering\Light\Culling\OnlyLightCulling.cpp">
      <Filter>Rendering\Light\Culling</Filter>
    </ClCompile>
    <ClCompile Include="Rendering\Buffer\ShaderResourceBuffer.cpp">
      <Filter>Rendering\Buffer\ShaderResource</Filter>
    </ClCompile>
    <ClCompile Include="Rendering\Shading\OffScreen.cpp">
      <Filter>Rendering\Shading\Deferred\MainRT</Filter>
    </ClCompile>
    <ClCompile Include="Rendering\Shading\ShadingWithLightCulling.cpp">
      <Filter>Rendering\Shading\Deferred</Filter>
    </ClCompile>
    <ClCompile Include="Rendering\Shader\ShaderForm.cpp">
      <Filter>Rendering\Shader\Form</Filter>
    </ClCompile>
    <ClCompile Include="Rendering\PostProcessing\FullScreen.cpp">
      <Filter>Rendering\PostProcessing\FullScreen</Filter>
    </ClCompile>
    <ClCompile Include="Rendering\PostProcessing\BackBufferMaker.cpp">
      <Filter>Rendering\PostProcessing\BackBufferMaker</Filter>
    </ClCompile>
    <ClCompile Include="Intersection\BoundBox.cpp">
      <Filter>Intersection</Filter>
    </ClCompile>
    <ClCompile Include="Rendering\Shadow\ShadowRenderer.cpp">
      <Filter>Rendering\Shadow</Filter>
    </ClCompile>
    <ClCompile Include="Rendering\Camera\MeshCamera.cpp">
      <Filter>Rendering\Camera\MeshCamera</Filter>
    </ClCompile>
    <ClCompile Include="Intersection\Frustum.cpp">
      <Filter>Intersection</Filter>
    </ClCompile>
    <ClCompile Include="Rendering\Shadow\ShadowCommon.cpp">
      <Filter>Rendering\Shadow\Lights\Common</Filter>
    </ClCompile>
    <ClCompile Include="Rendering\Shadow\DirectionalLightShadow.cpp">
      <Filter>Rendering\Shadow\Lights\Directional</Filter>
    </ClCompile>
    <ClCompile Include="Rendering\Shadow\PointLightShadow.cpp">
      <Filter>Rendering\Shadow\Lights\Point</Filter>
    </ClCompile>
    <ClCompile Include="Rendering\Shadow\SpotLightShadow.cpp">
      <Filter>Rendering\Shadow\Lights\Spot</Filter>
    </ClCompile>
    <ClCompile Include="Rendering\Texture\Texture2D.cpp">
      <Filter>Rendering\Texture\2D</Filter>
    </ClCompile>
    <ClCompile Include="Rendering\Texture\Texture3D.cpp">
      <Filter>Rendering\Texture\3D</Filter>
    </ClCompile>
    <ClCompile Include="Rendering\GI\Voxelization.cpp">
      <Filter>Rendering\GI\Voxelization</Filter>
    </ClCompile>
    <ClCompile Include="Rendering\View\UnorderedAccessView.cpp">
      <Filter>Rendering\View</Filter>
    </ClCompile>
    <ClCompile Include="Rendering\View\ShaderResourceView.cpp">
      <Filter>Rendering\View</Filter>
    </ClCompile>
    <ClCompile Include="Rendering\Texture\TextureForm.cpp">
      <Filter>Rendering\Texture\Form</Filter>
    </ClCompile>
    <ClCompile Include="UI\SimpleFontLoader.cpp">
      <Filter>UI\Text</Filter>
    </ClCompile>
    <ClCompile Include="Rendering\GI\InjectRadiance.cpp">
      <Filter>Rendering\GI\Injection</Filter>
    </ClCompile>
    <ClCompile Include="Rendering\GI\InjectRadianceFromPointLIght.cpp">
      <Filter>Rendering\GI\Injection\Lights\Point</Filter>
    </ClCompile>
    <ClCompile Include="Rendering\GI\InjectRadianceFromSpotLIght.cpp">
      <Filter>Rendering\GI\Injection\Lights\Spot</Filter>
    </ClCompile>
    <ClCompile Include="Rendering\GI\VoxelConeTracing.cpp">
      <Filter>Rendering\GI\VoxelConeTracing</Filter>
    </ClCompile>
    <ClCompile Include="Rendering\GI\VoxelViewer.cpp">
      <Filter>Rendering\GI\Debug\VoxelViewer</Filter>
    </ClCompile>
    <ClCompile Include="Rendering\Buffer\CPUReadBuffer.cpp">
      <Filter>Rendering\Buffer\CPURead</Filter>
    </ClCompile>
    <ClCompile Include="Rendering\GI\VoxelMap.cpp">
      <Filter>Rendering\GI\Voxelization\VoxelMap</Filter>
    </ClCompile>
    <ClCompile Include="Rendering\Mesh\BasicGeometryGenerator.cpp">
      <Filter>Rendering\Mesh\BasicGeometryGenerator</Filter>
    </ClCompile>
    <ClCompile Include="Rendering\Sky\SkyBoxMaterial.cpp">
      <Filter>Rendering\Sky\SkyMesh\Box\Material</Filter>
    </ClCompile>
    <ClCompile Include="Rendering\Sky\SkyBox.cpp">
      <Filter>Rendering\Sky\SkyMesh\Box</Filter>
    </ClCompile>
    <ClCompile Include="Rendering\Sky\SkyForm.cpp">
      <Filter>Rendering\Sky\SkyMesh</Filter>
    </ClCompile>
    <ClCompile Include="Rendering\Offline\PreIntegrateEnvBRDF.cpp">
      <Filter>Rendering\Precompute</Filter>
    </ClCompile>
    <ClCompile Include="Rendering\PostProcessing\IBLPass.cpp">
      <Filter>Rendering\PostProcessing\IBLPass</Filter>
    </ClCompile>
    <ClCompile Include="Rendering\PostProcessing\PostProcessPipeline.cpp">
      <Filter>Rendering\PostProcessing\Pipeline</Filter>
    </ClCompile>
    <ClCompile Include="Rendering\Texture\TextureCube.cpp">
      <Filter>Rendering\Texture\Cube</Filter>
    </ClCompile>
    <ClCompile Include="Rendering\Camera\ReflectionProbe.cpp">
      <Filter>Rendering\Camera\ReflectionProbe</Filter>
    </ClCompile>
    <ClCompile Include="Rendering\Texture\DepthBufferCube.cpp">
      <Filter>Rendering\Texture\Cube</Filter>
    </ClCompile>
    <ClCompile Include="Rendering\Camera\ReflectionProbeManager.cpp">
      <Filter>Rendering\Camera\Manager</Filter>
    </ClCompile>
    <ClCompile Include="Rendering\Sky\SkyBoxCubeMaterial.cpp">
      <Filter>Rendering\Sky\SkyMesh\Box\Material</Filter>
    </ClCompile>
    <ClCompile Include="Rendering\PostProcessing\BilateralFiltering.cpp">
      <Filter>Rendering\PostProcessing\Blur\BilateralFiltering</Filter>
    </ClCompile>
    <ClCompile Include="Rendering\PostProcessing\GaussianBlur.cpp">
      <Filter>Rendering\PostProcessing\Blur\GaussianBlur</Filter>
    </ClCompile>
    <ClCompile Include="Rendering\PostProcessing\ScreenSpaceLocalReflection.cpp">
      <Filter>Rendering\PostProcessing\SSLR</Filter>
    </ClCompile>
    <ClCompile Include="Rendering\PostProcessing\ScreenSpaceRayTracing.cpp">
      <Filter>Rendering\PostProcessing\SSLR\RayTracing</Filter>
    </ClCompile>
    <ClCompile Include="Rendering\PostProcessing\ScreenSpaceConeTracing.cpp">
      <Filter>Rendering\PostProcessing\SSLR\ConeTracing</Filter>
    </ClCompile>
    <ClCompile Include="Rendering\Buffer\RawBuffer.cpp">
      <Filter>Rendering\Buffer</Filter>
    </ClCompile>
    <ClCompile Include="Rendering\GI\VXGI.cpp">
      <Filter>Rendering\GI</Filter>
    </ClCompile>
    <ClCompile Include="Rendering\GI\MipmapVoxelMap.cpp">
      <Filter>Rendering\GI\Mipmap</Filter>
    </ClCompile>
    <ClCompile Include="Rendering\PostProcessing\LightShaftManager.cpp">
      <Filter>Rendering\PostProcessing\LightShaft</Filter>
    </ClCompile>
    <ClCompile Include="Rendering\PostProcessing\DepthOfField.cpp">
      <Filter>Rendering\PostProcessing\DepthOfField</Filter>
    </ClCompile>
    <ClCompile Include="Rendering\PostProcessing\SSAO.cpp">
      <Filter>Rendering\PostProcessing\SSAO</Filter>
    </ClCompile>
    <ClCompile Include="Rendering\Sky\SkyScattering.cpp">
      <Filter>Rendering\Sky\Scattering</Filter>
    </ClCompile>
  </ItemGroup>
  <ItemGroup>
    <FxCompile Include="ShaderCodes\SimpleUIImage2D.hlsl">
      <Filter>ShaderCodes\UI</Filter>
    </FxCompile>
    <FxCompile Include="ShaderCodes\TBDR.hlsl">
      <Filter>ShaderCodes\Deferred</Filter>
    </FxCompile>
    <FxCompile Include="ShaderCodes\PhysicallyBased_GBuffer_TN_UV0.hlsl">
      <Filter>ShaderCodes\Mesh\GBuffer</Filter>
    </FxCompile>
    <FxCompile Include="ShaderCodes\PhysicallyBased_GBuffer_N_UV0.hlsl">
      <Filter>ShaderCodes\Mesh\GBuffer</Filter>
    </FxCompile>
    <FxCompile Include="ShaderCodes\PhysicallyBased_Forward_N_UV0.hlsl">
      <Filter>ShaderCodes\Mesh\Forward</Filter>
    </FxCompile>
    <FxCompile Include="ShaderCodes\PhysicallyBased_Forward_TN_UV0.hlsl">
      <Filter>ShaderCodes\Mesh\Forward</Filter>
    </FxCompile>
    <FxCompile Include="ShaderCodes\OnlyLightCullingCS.hlsl">
      <Filter>ShaderCodes\Light\Culling</Filter>
    </FxCompile>
    <FxCompile Include="ShaderCodes\InjectRadianceFromPointLight.hlsl">
      <Filter>ShaderCodes\GI\Injection</Filter>
    </FxCompile>
    <FxCompile Include="ShaderCodes\MipmapAnisotropicVoxelTexture.hlsl">
      <Filter>ShaderCodes\GI\Mipmap</Filter>
    </FxCompile>
    <FxCompile Include="ShaderCodes\VoxelConeTracing.hlsl">
      <Filter>ShaderCodes\GI\VoxelConeTracing</Filter>
    </FxCompile>
    <FxCompile Include="ShaderCodes\Voxelization_N_UV0.hlsl">
      <Filter>ShaderCodes\GI\Voxelization</Filter>
    </FxCompile>
    <FxCompile Include="ShaderCodes\OnlyAlphaTestWithDiffusePS.hlsl">
      <Filter>ShaderCodes\Mesh\Forward\Optional</Filter>
    </FxCompile>
    <FxCompile Include="ShaderCodes\MomentDepth.hlsl">
      <Filter>ShaderCodes\Mesh\Forward\Optional</Filter>
    </FxCompile>
    <FxCompile Include="ShaderCodes\OnlyDepth.hlsl">
      <Filter>ShaderCodes\Mesh\Forward\Optional</Filter>
    </FxCompile>
    <FxCompile Include="ShaderCodes\SummedAreaVSM.hlsl">
      <Filter>ShaderCodes\Shadow</Filter>
    </FxCompile>
    <FxCompile Include="ShaderCodes\ClearVoxelMap.hlsl">
      <Filter>ShaderCodes\GI\Voxelization\Clear</Filter>
    </FxCompile>
    <FxCompile Include="ShaderCodes\Voxelization_TN_UV0.hlsl">
      <Filter>ShaderCodes\GI\Voxelization</Filter>
    </FxCompile>
    <FxCompile Include="ShaderCodes\SkyBox.hlsl">
      <Filter>ShaderCodes\Sky</Filter>
    </FxCompile>
    <FxCompile Include="ShaderCodes\PreIntegrateEnvBRDF.hlsl">
      <Filter>ShaderCodes\Enviroment</Filter>
    </FxCompile>
    <FxCompile Include="ShaderCodes\IBLPass.hlsl">
      <Filter>ShaderCodes\PostProcessing</Filter>
    </FxCompile>
    <FxCompile Include="ShaderCodes\ReflectionProbe_N_UV0.hlsl">
      <Filter>ShaderCodes\Mesh\ReflectionProbe</Filter>
    </FxCompile>
    <FxCompile Include="ShaderCodes\ReflectionProbe_TN_UV0.hlsl">
      <Filter>ShaderCodes\Mesh\ReflectionProbe</Filter>
    </FxCompile>
    <FxCompile Include="ShaderCodes\ReflectionProbeOnlyDepth.hlsl">
      <Filter>ShaderCodes\Mesh\ReflectionProbe\Optional</Filter>
    </FxCompile>
    <FxCompile Include="ShaderCodes\ReflectionProbeAlphaTestWithDiffuse.hlsl">
      <Filter>ShaderCodes\Mesh\ReflectionProbe\Optional</Filter>
    </FxCompile>
    <FxCompile Include="ShaderCodes\SkyBoxForReflectionProbe.hlsl">
      <Filter>ShaderCodes\Sky</Filter>
    </FxCompile>
    <FxCompile Include="ShaderCodes\BilateralFiltering.hlsl">
      <Filter>ShaderCodes\PostProcessing\Blur</Filter>
    </FxCompile>
    <FxCompile Include="ShaderCodes\GaussianBlur.hlsl">
      <Filter>ShaderCodes\PostProcessing\Blur</Filter>
    </FxCompile>
    <FxCompile Include="ShaderCodes\DeferredMainOffScreen.hlsl">
      <Filter>ShaderCodes\PostProcessing\OffScreen</Filter>
    </FxCompile>
    <FxCompile Include="ShaderCodes\FinalScreenMerger.hlsl">
      <Filter>ShaderCodes\PostProcessing\OffScreen</Filter>
    </FxCompile>
    <FxCompile Include="ShaderCodes\ScreenSpaceRayTracing.hlsl">
      <Filter>ShaderCodes\PostProcessing\SSLR</Filter>
    </FxCompile>
    <FxCompile Include="ShaderCodes\ScreenSpaceConeTracing.hlsl">
      <Filter>ShaderCodes\PostProcessing\SSLR</Filter>
    </FxCompile>
    <FxCompile Include="ShaderCodes\ClearVoxelRawMap.hlsl">
      <Filter>ShaderCodes\GI\Voxelization\Clear</Filter>
    </FxCompile>
    <FxCompile Include="ShaderCodes\VoxelTextureToBuffer.hlsl">
      <Filter>ShaderCodes\GI\Debug</Filter>
    </FxCompile>
    <FxCompile Include="ShaderCodes\InjectRadianceFromSpotLight.hlsl">
      <Filter>ShaderCodes\GI\Injection</Filter>
    </FxCompile>
    <FxCompile Include="ShaderCodes\EyeAdaptation.hlsl">
      <Filter>ShaderCodes\PostProcessing\HDR</Filter>
    </FxCompile>
    <FxCompile Include="ShaderCodes\Bloom.hlsl">
      <Filter>ShaderCodes\PostProcessing\HDR</Filter>
    </FxCompile>
    <FxCompile Include="ShaderCodes\DepthOfField.hlsl">
      <Filter>ShaderCodes\PostProcessing\HDR</Filter>
    </FxCompile>
    <FxCompile Include="ShaderCodes\Copy.hlsl">
      <Filter>ShaderCodes\PostProcessing</Filter>
    </FxCompile>
    <FxCompile Include="ShaderCodes\SSAO.hlsl">
      <Filter>ShaderCodes\PostProcessing\AO</Filter>
    </FxCompile>
    <FxCompile Include="ShaderCodes\SkyScattering.hlsl">
      <Filter>ShaderCodes\Sky</Filter>
    </FxCompile>
  </ItemGroup>
</Project>