
Microsoft Visual Studio Solution File, Format Version 12.00
# Visual Studio 2012
Project("{8BC9CEB8-8B4A-11D0-8D11-00A0C91BC942}") = "SOCTestProject", "SOCTestProject\SOCTestProject.vcxproj", "{01F46010-06D4-4394-85EF-7AE1069DEA0B}"
	ProjectSection(ProjectDependencies) = postProject
		{D2F8E424-3F82-4761-840D-187B4405A969} = {D2F8E424-3F82-4761-840D-187B4405A969}
	EndProjectSection
EndProject
Project("{8BC9CEB8-8B4A-11D0-8D11-00A0C91BC942}") = "SOCEngine", "..\SOCEngine\SOCEngine\SOCEngine.vcxproj", "{D2F8E424-3F82-4761-840D-187B4405A969}"
EndProject
Global
	GlobalSection(SolutionConfigurationPlatforms) = preSolution
		Debug|Win32 = Debug|Win32
		Release|Win32 = Release|Win32
	EndGlobalSection
	GlobalSection(ProjectConfigurationPlatforms) = postSolution
		{01F46010-06D4-4394-85EF-7AE1069DEA0B}.Debug|Win32.ActiveCfg = Debug|Win32
		{01F46010-06D4-4394-85EF-7AE1069DEA0B}.Debug|Win32.Build.0 = Debug|Win32
		{01F46010-06D4-4394-85EF-7AE1069DEA0B}.Release|Win32.ActiveCfg = Release|Win32
		{01F46010-06D4-4394-85EF-7AE1069DEA0B}.Release|Win32.Build.0 = Release|Win32
		{D2F8E424-3F82-4761-840D-187B4405A969}.Debug|Win32.ActiveCfg = Debug|Win32
		{D2F8E424-3F82-4761-840D-187B4405A969}.Debug|Win32.Build.0 = Debug|Win32
		{D2F8E424-3F82-4761-840D-187B4405A969}.Release|Win32.ActiveCfg = Release|Win32
		{D2F8E424-3F82-4761-840D-187B4405A969}.Release|Win32.Build.0 = Release|Win32
	EndGlobalSection
	GlobalSection(SolutionProperties) = preSolution
		HideSolutionNode = FALSE
	EndGlobalSection
EndGlobal
